// !$*UTF8*$!
{
	archiveVersion = 1;
	classes = {
	};
	objectVersion = 46;
	objects = {

/* Begin PBXBuildFile section */
		9F1463BA15FE342000EA03D6 /* TSSharedState.m in Sources */ = {isa = PBXBuildFile; fileRef = 9F1463B915FE342000EA03D6 /* TSSharedState.m */; };
		9F1463BE15FE41B600EA03D6 /* TSUserDefaults.m in Sources */ = {isa = PBXBuildFile; fileRef = 9F1463BD15FE41B600EA03D6 /* TSUserDefaults.m */; };
		9F1463CC15FF75FC00EA03D6 /* TSDatabaseMetadata.m in Sources */ = {isa = PBXBuildFile; fileRef = 9F1463CB15FF75FB00EA03D6 /* TSDatabaseMetadata.m */; };
		9F1463CF15FF7BEC00EA03D6 /* TSDateUtils.m in Sources */ = {isa = PBXBuildFile; fileRef = 9F1463CE15FF7BEC00EA03D6 /* TSDateUtils.m */; };
		9F1463D215FF820400EA03D6 /* TSDeviceUtils.m in Sources */ = {isa = PBXBuildFile; fileRef = 9F1463D115FF820400EA03D6 /* TSDeviceUtils.m */; };
		9F1463D51600B6DD00EA03D6 /* TSDatabaseLock.m in Sources */ = {isa = PBXBuildFile; fileRef = 9F1463D41600B6DD00EA03D6 /* TSDatabaseLock.m */; };
		9F1463D81600D3AA00EA03D6 /* TSVersion.m in Sources */ = {isa = PBXBuildFile; fileRef = 9F1463D71600D3AA00EA03D6 /* TSVersion.m */; };
		9F1463DB1600D49400EA03D6 /* TSLocalMetadata.m in Sources */ = {isa = PBXBuildFile; fileRef = 9F1463DA1600D49400EA03D6 /* TSLocalMetadata.m */; };
		9F1463E11600DF7A00EA03D6 /* TSAuthor.m in Sources */ = {isa = PBXBuildFile; fileRef = 9F1463E01600DF7A00EA03D6 /* TSAuthor.m */; };
		9F8ED46615B98C6A00391EF8 /* UIKit.framework in Frameworks */ = {isa = PBXBuildFile; fileRef = 9F8ED46515B98C6A00391EF8 /* UIKit.framework */; };
		9F8ED46815B98C6A00391EF8 /* Foundation.framework in Frameworks */ = {isa = PBXBuildFile; fileRef = 9F8ED46715B98C6A00391EF8 /* Foundation.framework */; };
		9F8ED46A15B98C6A00391EF8 /* CoreGraphics.framework in Frameworks */ = {isa = PBXBuildFile; fileRef = 9F8ED46915B98C6A00391EF8 /* CoreGraphics.framework */; };
		9F8ED47015B98C6A00391EF8 /* InfoPlist.strings in Resources */ = {isa = PBXBuildFile; fileRef = 9F8ED46E15B98C6A00391EF8 /* InfoPlist.strings */; };
		9F8ED47215B98C6A00391EF8 /* main.m in Sources */ = {isa = PBXBuildFile; fileRef = 9F8ED47115B98C6A00391EF8 /* main.m */; };
		9F8ED47615B98C6A00391EF8 /* TSAppDelegate.m in Sources */ = {isa = PBXBuildFile; fileRef = 9F8ED47515B98C6A00391EF8 /* TSAppDelegate.m */; };
		9F8ED47915B98C6A00391EF8 /* MainStoryboard_iPhone.storyboard in Resources */ = {isa = PBXBuildFile; fileRef = 9F8ED47715B98C6A00391EF8 /* MainStoryboard_iPhone.storyboard */; };
		9F8ED47C15B98C6A00391EF8 /* MainStoryboard_iPad.storyboard in Resources */ = {isa = PBXBuildFile; fileRef = 9F8ED47A15B98C6A00391EF8 /* MainStoryboard_iPad.storyboard */; };
		9F8ED47F15B98C6A00391EF8 /* TSMasterViewController.m in Sources */ = {isa = PBXBuildFile; fileRef = 9F8ED47E15B98C6A00391EF8 /* TSMasterViewController.m */; };
		9F8ED48215B98C6A00391EF8 /* TSDetailViewController.m in Sources */ = {isa = PBXBuildFile; fileRef = 9F8ED48115B98C6A00391EF8 /* TSDetailViewController.m */; };
		9F8ED48A15B98C6A00391EF8 /* SenTestingKit.framework in Frameworks */ = {isa = PBXBuildFile; fileRef = 9F8ED48915B98C6A00391EF8 /* SenTestingKit.framework */; };
		9F8ED48B15B98C6A00391EF8 /* UIKit.framework in Frameworks */ = {isa = PBXBuildFile; fileRef = 9F8ED46515B98C6A00391EF8 /* UIKit.framework */; };
		9F8ED48C15B98C6A00391EF8 /* Foundation.framework in Frameworks */ = {isa = PBXBuildFile; fileRef = 9F8ED46715B98C6A00391EF8 /* Foundation.framework */; };
		9F8ED49415B98C6A00391EF8 /* InfoPlist.strings in Resources */ = {isa = PBXBuildFile; fileRef = 9F8ED49215B98C6A00391EF8 /* InfoPlist.strings */; };
		9F8ED49715B98C6A00391EF8 /* TanukiSecretsTests.m in Sources */ = {isa = PBXBuildFile; fileRef = 9F8ED49615B98C6A00391EF8 /* TanukiSecretsTests.m */; };
		9F8ED4B415B9A0EB00391EF8 /* TSFilesystemTableViewController.m in Sources */ = {isa = PBXBuildFile; fileRef = 9F8ED4B315B9A0EB00391EF8 /* TSFilesystemTableViewController.m */; };
		9F98D40E15F0CAB9001A2C82 /* TSCryptoUtils.m in Sources */ = {isa = PBXBuildFile; fileRef = 9F98D40D15F0CAB9001A2C82 /* TSCryptoUtils.m */; };
		9F98D41115F0CCB3001A2C82 /* TSStringUtils.m in Sources */ = {isa = PBXBuildFile; fileRef = 9F98D41015F0CCB3001A2C82 /* TSStringUtils.m */; };
		9F98D41715F7B137001A2C82 /* iPadSandbox.storyboard in Resources */ = {isa = PBXBuildFile; fileRef = 9F98D41615F7B137001A2C82 /* iPadSandbox.storyboard */; };
		9F9D868E15CBFDF60066BC04 /* SMXMLDocument.m in Sources */ = {isa = PBXBuildFile; fileRef = 9F9D868D15CBFDF60066BC04 /* SMXMLDocument.m */; };
		9F9D869115CC14CA0066BC04 /* Sandbox.storyboard in Resources */ = {isa = PBXBuildFile; fileRef = 9F9D869015CC14CA0066BC04 /* Sandbox.storyboard */; };
		9FEC4DCF15C29894008B18D5 /* JSNotifier.m in Sources */ = {isa = PBXBuildFile; fileRef = 9FEC4DCE15C29894008B18D5 /* JSNotifier.m */; };
		9FEC4DD415C298E7008B18D5 /* NotifyCheck.png in Resources */ = {isa = PBXBuildFile; fileRef = 9FEC4DD015C298E7008B18D5 /* NotifyCheck.png */; };
		9FEC4DD515C298E7008B18D5 /* NotifyCheck@2x.png in Resources */ = {isa = PBXBuildFile; fileRef = 9FEC4DD115C298E7008B18D5 /* NotifyCheck@2x.png */; };
		9FEC4DD615C298E7008B18D5 /* NotifyX.png in Resources */ = {isa = PBXBuildFile; fileRef = 9FEC4DD215C298E7008B18D5 /* NotifyX.png */; };
		9FEC4DD715C298E7008B18D5 /* NotifyX@2x.png in Resources */ = {isa = PBXBuildFile; fileRef = 9FEC4DD315C298E7008B18D5 /* NotifyX@2x.png */; };
		9FEC4DDF15C2C1C5008B18D5 /* Security.framework in Frameworks */ = {isa = PBXBuildFile; fileRef = 9FEC4DDE15C2C1C5008B18D5 /* Security.framework */; };
		9FEC4DE115C2C1E7008B18D5 /* QuartzCore.framework in Frameworks */ = {isa = PBXBuildFile; fileRef = 9FEC4DE015C2C1E7008B18D5 /* QuartzCore.framework */; };
		9FEC4E0915C93F0D008B18D5 /* TSUnlockViewController.m in Sources */ = {isa = PBXBuildFile; fileRef = 9FEC4E0815C93F0D008B18D5 /* TSUnlockViewController.m */; };
		9FEC4E3E15CAA386008B18D5 /* TSListOfItems.m in Sources */ = {isa = PBXBuildFile; fileRef = 9FEC4E3D15CAA386008B18D5 /* TSListOfItems.m */; };
		9FEC4E4115CAA396008B18D5 /* TSItem.m in Sources */ = {isa = PBXBuildFile; fileRef = 9FEC4E4015CAA396008B18D5 /* TSItem.m */; };
		9FEC4E6215CABA1E008B18D5 /* XMLWriter.m in Sources */ = {isa = PBXBuildFile; fileRef = 9FEC4E6115CABA1E008B18D5 /* XMLWriter.m */; settings = {COMPILER_FLAGS = "-fno-objc-arc"; }; };
		9FF76E3E160109BA00613DA1 /* DropboxSDK.framework in Frameworks */ = {isa = PBXBuildFile; fileRef = 9FEC4DDC15C2C187008B18D5 /* DropboxSDK.framework */; };
		9FF76E491601232600613DA1 /* TSDatabase.m in Sources */ = {isa = PBXBuildFile; fileRef = 9FF76E481601232500613DA1 /* TSDatabase.m */; };
		9FF76E4D16020A2600613DA1 /* TSDBItem.m in Sources */ = {isa = PBXBuildFile; fileRef = 9FF76E4C16020A2600613DA1 /* TSDBItem.m */; };
		9FF76E5016020A3D00613DA1 /* TSDBGroup.m in Sources */ = {isa = PBXBuildFile; fileRef = 9FF76E4F16020A3C00613DA1 /* TSDBGroup.m */; };
		9FF76E5316020C0D00613DA1 /* TSDBItemField.m in Sources */ = {isa = PBXBuildFile; fileRef = 9FF76E5216020C0C00613DA1 /* TSDBItemField.m */; };
/* End PBXBuildFile section */

/* Begin PBXContainerItemProxy section */
		9F8ED48D15B98C6A00391EF8 /* PBXContainerItemProxy */ = {
			isa = PBXContainerItemProxy;
			containerPortal = 9F8ED45815B98C6900391EF8 /* Project object */;
			proxyType = 1;
			remoteGlobalIDString = 9F8ED46015B98C6A00391EF8;
			remoteInfo = TanukiSecrets;
		};
/* End PBXContainerItemProxy section */

/* Begin PBXFileReference section */
		9F1463B815FE342000EA03D6 /* TSSharedState.h */ = {isa = PBXFileReference; fileEncoding = 4; lastKnownFileType = sourcecode.c.h; path = TSSharedState.h; sourceTree = "<group>"; };
		9F1463B915FE342000EA03D6 /* TSSharedState.m */ = {isa = PBXFileReference; fileEncoding = 4; lastKnownFileType = sourcecode.c.objc; path = TSSharedState.m; sourceTree = "<group>"; };
		9F1463BC15FE41B600EA03D6 /* TSUserDefaults.h */ = {isa = PBXFileReference; fileEncoding = 4; lastKnownFileType = sourcecode.c.h; path = TSUserDefaults.h; sourceTree = "<group>"; };
		9F1463BD15FE41B600EA03D6 /* TSUserDefaults.m */ = {isa = PBXFileReference; fileEncoding = 4; lastKnownFileType = sourcecode.c.objc; path = TSUserDefaults.m; sourceTree = "<group>"; };
		9F1463BF15FE441F00EA03D6 /* TSConstants.h */ = {isa = PBXFileReference; fileEncoding = 4; lastKnownFileType = sourcecode.c.h; path = TSConstants.h; sourceTree = "<group>"; };
		9F1463CA15FF75FB00EA03D6 /* TSDatabaseMetadata.h */ = {isa = PBXFileReference; fileEncoding = 4; lastKnownFileType = sourcecode.c.h; path = TSDatabaseMetadata.h; sourceTree = "<group>"; };
		9F1463CB15FF75FB00EA03D6 /* TSDatabaseMetadata.m */ = {isa = PBXFileReference; fileEncoding = 4; lastKnownFileType = sourcecode.c.objc; path = TSDatabaseMetadata.m; sourceTree = "<group>"; };
		9F1463CD15FF7BEC00EA03D6 /* TSDateUtils.h */ = {isa = PBXFileReference; fileEncoding = 4; lastKnownFileType = sourcecode.c.h; path = TSDateUtils.h; sourceTree = "<group>"; };
		9F1463CE15FF7BEC00EA03D6 /* TSDateUtils.m */ = {isa = PBXFileReference; fileEncoding = 4; lastKnownFileType = sourcecode.c.objc; path = TSDateUtils.m; sourceTree = "<group>"; };
		9F1463D015FF820400EA03D6 /* TSDeviceUtils.h */ = {isa = PBXFileReference; fileEncoding = 4; lastKnownFileType = sourcecode.c.h; path = TSDeviceUtils.h; sourceTree = "<group>"; };
		9F1463D115FF820400EA03D6 /* TSDeviceUtils.m */ = {isa = PBXFileReference; fileEncoding = 4; lastKnownFileType = sourcecode.c.objc; path = TSDeviceUtils.m; sourceTree = "<group>"; };
		9F1463D31600B6DD00EA03D6 /* TSDatabaseLock.h */ = {isa = PBXFileReference; fileEncoding = 4; lastKnownFileType = sourcecode.c.h; path = TSDatabaseLock.h; sourceTree = "<group>"; };
		9F1463D41600B6DD00EA03D6 /* TSDatabaseLock.m */ = {isa = PBXFileReference; fileEncoding = 4; lastKnownFileType = sourcecode.c.objc; path = TSDatabaseLock.m; sourceTree = "<group>"; };
		9F1463D61600D3AA00EA03D6 /* TSVersion.h */ = {isa = PBXFileReference; fileEncoding = 4; lastKnownFileType = sourcecode.c.h; path = TSVersion.h; sourceTree = "<group>"; };
		9F1463D71600D3AA00EA03D6 /* TSVersion.m */ = {isa = PBXFileReference; fileEncoding = 4; lastKnownFileType = sourcecode.c.objc; path = TSVersion.m; sourceTree = "<group>"; };
		9F1463D91600D49400EA03D6 /* TSLocalMetadata.h */ = {isa = PBXFileReference; fileEncoding = 4; lastKnownFileType = sourcecode.c.h; path = TSLocalMetadata.h; sourceTree = "<group>"; };
		9F1463DA1600D49400EA03D6 /* TSLocalMetadata.m */ = {isa = PBXFileReference; fileEncoding = 4; lastKnownFileType = sourcecode.c.objc; path = TSLocalMetadata.m; sourceTree = "<group>"; };
		9F1463DF1600DF7A00EA03D6 /* TSAuthor.h */ = {isa = PBXFileReference; fileEncoding = 4; lastKnownFileType = sourcecode.c.h; path = TSAuthor.h; sourceTree = "<group>"; };
		9F1463E01600DF7A00EA03D6 /* TSAuthor.m */ = {isa = PBXFileReference; fileEncoding = 4; lastKnownFileType = sourcecode.c.objc; path = TSAuthor.m; sourceTree = "<group>"; };
		9F8ED46115B98C6A00391EF8 /* TanukiSecrets.app */ = {isa = PBXFileReference; explicitFileType = wrapper.application; includeInIndex = 0; path = TanukiSecrets.app; sourceTree = BUILT_PRODUCTS_DIR; };
		9F8ED46515B98C6A00391EF8 /* UIKit.framework */ = {isa = PBXFileReference; lastKnownFileType = wrapper.framework; name = UIKit.framework; path = System/Library/Frameworks/UIKit.framework; sourceTree = SDKROOT; };
		9F8ED46715B98C6A00391EF8 /* Foundation.framework */ = {isa = PBXFileReference; lastKnownFileType = wrapper.framework; name = Foundation.framework; path = System/Library/Frameworks/Foundation.framework; sourceTree = SDKROOT; };
		9F8ED46915B98C6A00391EF8 /* CoreGraphics.framework */ = {isa = PBXFileReference; lastKnownFileType = wrapper.framework; name = CoreGraphics.framework; path = System/Library/Frameworks/CoreGraphics.framework; sourceTree = SDKROOT; };
		9F8ED46D15B98C6A00391EF8 /* TanukiSecrets-Info.plist */ = {isa = PBXFileReference; lastKnownFileType = text.plist.xml; path = "TanukiSecrets-Info.plist"; sourceTree = "<group>"; };
		9F8ED46F15B98C6A00391EF8 /* en */ = {isa = PBXFileReference; lastKnownFileType = text.plist.strings; name = en; path = en.lproj/InfoPlist.strings; sourceTree = "<group>"; };
		9F8ED47115B98C6A00391EF8 /* main.m */ = {isa = PBXFileReference; lastKnownFileType = sourcecode.c.objc; path = main.m; sourceTree = "<group>"; };
		9F8ED47315B98C6A00391EF8 /* TanukiSecrets-Prefix.pch */ = {isa = PBXFileReference; lastKnownFileType = sourcecode.c.h; path = "TanukiSecrets-Prefix.pch"; sourceTree = "<group>"; };
		9F8ED47415B98C6A00391EF8 /* TSAppDelegate.h */ = {isa = PBXFileReference; lastKnownFileType = sourcecode.c.h; path = TSAppDelegate.h; sourceTree = "<group>"; };
		9F8ED47515B98C6A00391EF8 /* TSAppDelegate.m */ = {isa = PBXFileReference; lastKnownFileType = sourcecode.c.objc; path = TSAppDelegate.m; sourceTree = "<group>"; };
		9F8ED47815B98C6A00391EF8 /* en */ = {isa = PBXFileReference; lastKnownFileType = file.storyboard; name = en; path = en.lproj/MainStoryboard_iPhone.storyboard; sourceTree = "<group>"; };
		9F8ED47B15B98C6A00391EF8 /* en */ = {isa = PBXFileReference; lastKnownFileType = file.storyboard; name = en; path = en.lproj/MainStoryboard_iPad.storyboard; sourceTree = "<group>"; };
		9F8ED47D15B98C6A00391EF8 /* TSMasterViewController.h */ = {isa = PBXFileReference; lastKnownFileType = sourcecode.c.h; path = TSMasterViewController.h; sourceTree = "<group>"; };
		9F8ED47E15B98C6A00391EF8 /* TSMasterViewController.m */ = {isa = PBXFileReference; lastKnownFileType = sourcecode.c.objc; path = TSMasterViewController.m; sourceTree = "<group>"; };
		9F8ED48015B98C6A00391EF8 /* TSDetailViewController.h */ = {isa = PBXFileReference; lastKnownFileType = sourcecode.c.h; path = TSDetailViewController.h; sourceTree = "<group>"; };
		9F8ED48115B98C6A00391EF8 /* TSDetailViewController.m */ = {isa = PBXFileReference; lastKnownFileType = sourcecode.c.objc; path = TSDetailViewController.m; sourceTree = "<group>"; };
		9F8ED48815B98C6A00391EF8 /* TanukiSecretsTests.octest */ = {isa = PBXFileReference; explicitFileType = wrapper.cfbundle; includeInIndex = 0; path = TanukiSecretsTests.octest; sourceTree = BUILT_PRODUCTS_DIR; };
		9F8ED48915B98C6A00391EF8 /* SenTestingKit.framework */ = {isa = PBXFileReference; lastKnownFileType = wrapper.framework; name = SenTestingKit.framework; path = Library/Frameworks/SenTestingKit.framework; sourceTree = DEVELOPER_DIR; };
		9F8ED49115B98C6A00391EF8 /* TanukiSecretsTests-Info.plist */ = {isa = PBXFileReference; lastKnownFileType = text.plist.xml; path = "TanukiSecretsTests-Info.plist"; sourceTree = "<group>"; };
		9F8ED49315B98C6A00391EF8 /* en */ = {isa = PBXFileReference; lastKnownFileType = text.plist.strings; name = en; path = en.lproj/InfoPlist.strings; sourceTree = "<group>"; };
		9F8ED49515B98C6A00391EF8 /* TanukiSecretsTests.h */ = {isa = PBXFileReference; lastKnownFileType = sourcecode.c.h; path = TanukiSecretsTests.h; sourceTree = "<group>"; };
		9F8ED49615B98C6A00391EF8 /* TanukiSecretsTests.m */ = {isa = PBXFileReference; lastKnownFileType = sourcecode.c.objc; path = TanukiSecretsTests.m; sourceTree = "<group>"; };
		9F8ED4B215B9A0EB00391EF8 /* TSFilesystemTableViewController.h */ = {isa = PBXFileReference; fileEncoding = 4; lastKnownFileType = sourcecode.c.h; path = TSFilesystemTableViewController.h; sourceTree = "<group>"; };
		9F8ED4B315B9A0EB00391EF8 /* TSFilesystemTableViewController.m */ = {isa = PBXFileReference; fileEncoding = 4; lastKnownFileType = sourcecode.c.objc; path = TSFilesystemTableViewController.m; sourceTree = "<group>"; };
		9F98D40C15F0CAB9001A2C82 /* TSCryptoUtils.h */ = {isa = PBXFileReference; fileEncoding = 4; lastKnownFileType = sourcecode.c.h; path = TSCryptoUtils.h; sourceTree = "<group>"; };
		9F98D40D15F0CAB9001A2C82 /* TSCryptoUtils.m */ = {isa = PBXFileReference; fileEncoding = 4; lastKnownFileType = sourcecode.c.objc; path = TSCryptoUtils.m; sourceTree = "<group>"; };
		9F98D40F15F0CCB3001A2C82 /* TSStringUtils.h */ = {isa = PBXFileReference; fileEncoding = 4; lastKnownFileType = sourcecode.c.h; path = TSStringUtils.h; sourceTree = "<group>"; };
		9F98D41015F0CCB3001A2C82 /* TSStringUtils.m */ = {isa = PBXFileReference; fileEncoding = 4; lastKnownFileType = sourcecode.c.objc; path = TSStringUtils.m; sourceTree = "<group>"; };
		9F98D41615F7B137001A2C82 /* iPadSandbox.storyboard */ = {isa = PBXFileReference; fileEncoding = 4; lastKnownFileType = file.storyboard; path = iPadSandbox.storyboard; sourceTree = "<group>"; };
		9F9D868C15CBFDF60066BC04 /* SMXMLDocument.h */ = {isa = PBXFileReference; fileEncoding = 4; lastKnownFileType = sourcecode.c.h; path = SMXMLDocument.h; sourceTree = "<group>"; };
		9F9D868D15CBFDF60066BC04 /* SMXMLDocument.m */ = {isa = PBXFileReference; fileEncoding = 4; lastKnownFileType = sourcecode.c.objc; path = SMXMLDocument.m; sourceTree = "<group>"; };
		9F9D869015CC14CA0066BC04 /* Sandbox.storyboard */ = {isa = PBXFileReference; fileEncoding = 4; lastKnownFileType = file.storyboard; path = Sandbox.storyboard; sourceTree = "<group>"; };
		9FEC4DC515C18107008B18D5 /* TanukiSecrets.entitlements */ = {isa = PBXFileReference; lastKnownFileType = text.xml; path = TanukiSecrets.entitlements; sourceTree = "<group>"; };
		9FEC4DCD15C29894008B18D5 /* JSNotifier.h */ = {isa = PBXFileReference; fileEncoding = 4; lastKnownFileType = sourcecode.c.h; path = JSNotifier.h; sourceTree = "<group>"; };
		9FEC4DCE15C29894008B18D5 /* JSNotifier.m */ = {isa = PBXFileReference; fileEncoding = 4; lastKnownFileType = sourcecode.c.objc; path = JSNotifier.m; sourceTree = "<group>"; };
		9FEC4DD015C298E7008B18D5 /* NotifyCheck.png */ = {isa = PBXFileReference; lastKnownFileType = image.png; path = NotifyCheck.png; sourceTree = "<group>"; };
		9FEC4DD115C298E7008B18D5 /* NotifyCheck@2x.png */ = {isa = PBXFileReference; lastKnownFileType = image.png; path = "NotifyCheck@2x.png"; sourceTree = "<group>"; };
		9FEC4DD215C298E7008B18D5 /* NotifyX.png */ = {isa = PBXFileReference; lastKnownFileType = image.png; path = NotifyX.png; sourceTree = "<group>"; };
		9FEC4DD315C298E7008B18D5 /* NotifyX@2x.png */ = {isa = PBXFileReference; lastKnownFileType = image.png; path = "NotifyX@2x.png"; sourceTree = "<group>"; };
		9FEC4DDC15C2C187008B18D5 /* DropboxSDK.framework */ = {isa = PBXFileReference; lastKnownFileType = wrapper.framework; name = DropboxSDK.framework; path = TanukiSecrets/lib/DropboxSDK.framework; sourceTree = "<group>"; };
		9FEC4DDE15C2C1C5008B18D5 /* Security.framework */ = {isa = PBXFileReference; lastKnownFileType = wrapper.framework; name = Security.framework; path = System/Library/Frameworks/Security.framework; sourceTree = SDKROOT; };
		9FEC4DE015C2C1E7008B18D5 /* QuartzCore.framework */ = {isa = PBXFileReference; lastKnownFileType = wrapper.framework; name = QuartzCore.framework; path = System/Library/Frameworks/QuartzCore.framework; sourceTree = SDKROOT; };
		9FEC4DE215C2C43C008B18D5 /* secrets.h */ = {isa = PBXFileReference; fileEncoding = 4; lastKnownFileType = sourcecode.c.h; path = secrets.h; sourceTree = "<group>"; };
		9FEC4E0715C93F0D008B18D5 /* TSUnlockViewController.h */ = {isa = PBXFileReference; fileEncoding = 4; lastKnownFileType = sourcecode.c.h; path = TSUnlockViewController.h; sourceTree = "<group>"; };
		9FEC4E0815C93F0D008B18D5 /* TSUnlockViewController.m */ = {isa = PBXFileReference; fileEncoding = 4; lastKnownFileType = sourcecode.c.objc; path = TSUnlockViewController.m; sourceTree = "<group>"; };
		9FEC4E3C15CAA386008B18D5 /* TSListOfItems.h */ = {isa = PBXFileReference; fileEncoding = 4; lastKnownFileType = sourcecode.c.h; path = TSListOfItems.h; sourceTree = "<group>"; };
		9FEC4E3D15CAA386008B18D5 /* TSListOfItems.m */ = {isa = PBXFileReference; fileEncoding = 4; lastKnownFileType = sourcecode.c.objc; path = TSListOfItems.m; sourceTree = "<group>"; };
		9FEC4E3F15CAA396008B18D5 /* TSItem.h */ = {isa = PBXFileReference; fileEncoding = 4; lastKnownFileType = sourcecode.c.h; path = TSItem.h; sourceTree = "<group>"; };
		9FEC4E4015CAA396008B18D5 /* TSItem.m */ = {isa = PBXFileReference; fileEncoding = 4; lastKnownFileType = sourcecode.c.objc; path = TSItem.m; sourceTree = "<group>"; };
		9FEC4E6015CABA1E008B18D5 /* XMLWriter.h */ = {isa = PBXFileReference; fileEncoding = 4; lastKnownFileType = sourcecode.c.h; path = XMLWriter.h; sourceTree = "<group>"; };
		9FEC4E6115CABA1E008B18D5 /* XMLWriter.m */ = {isa = PBXFileReference; fileEncoding = 4; lastKnownFileType = sourcecode.c.objc; path = XMLWriter.m; sourceTree = "<group>"; };
		9FEC4E6315CABC77008B18D5 /* TSXMLSerializable.h */ = {isa = PBXFileReference; fileEncoding = 4; lastKnownFileType = sourcecode.c.h; path = TSXMLSerializable.h; sourceTree = "<group>"; };
		9FF76E471601232500613DA1 /* TSDatabase.h */ = {isa = PBXFileReference; fileEncoding = 4; lastKnownFileType = sourcecode.c.h; path = TSDatabase.h; sourceTree = "<group>"; };
		9FF76E481601232500613DA1 /* TSDatabase.m */ = {isa = PBXFileReference; fileEncoding = 4; lastKnownFileType = sourcecode.c.objc; path = TSDatabase.m; sourceTree = "<group>"; };
		9FF76E4B16020A2600613DA1 /* TSDBItem.h */ = {isa = PBXFileReference; fileEncoding = 4; lastKnownFileType = sourcecode.c.h; path = TSDBItem.h; sourceTree = "<group>"; };
		9FF76E4C16020A2600613DA1 /* TSDBItem.m */ = {isa = PBXFileReference; fileEncoding = 4; lastKnownFileType = sourcecode.c.objc; path = TSDBItem.m; sourceTree = "<group>"; };
		9FF76E4E16020A3C00613DA1 /* TSDBGroup.h */ = {isa = PBXFileReference; fileEncoding = 4; lastKnownFileType = sourcecode.c.h; path = TSDBGroup.h; sourceTree = "<group>"; };
		9FF76E4F16020A3C00613DA1 /* TSDBGroup.m */ = {isa = PBXFileReference; fileEncoding = 4; lastKnownFileType = sourcecode.c.objc; path = TSDBGroup.m; sourceTree = "<group>"; };
		9FF76E5116020C0C00613DA1 /* TSDBItemField.h */ = {isa = PBXFileReference; fileEncoding = 4; lastKnownFileType = sourcecode.c.h; path = TSDBItemField.h; sourceTree = "<group>"; };
		9FF76E5216020C0C00613DA1 /* TSDBItemField.m */ = {isa = PBXFileReference; fileEncoding = 4; lastKnownFileType = sourcecode.c.objc; path = TSDBItemField.m; sourceTree = "<group>"; };
/* End PBXFileReference section */

/* Begin PBXFrameworksBuildPhase section */
		9F8ED45E15B98C6A00391EF8 /* Frameworks */ = {
			isa = PBXFrameworksBuildPhase;
			buildActionMask = 2147483647;
			files = (
				9FF76E3E160109BA00613DA1 /* DropboxSDK.framework in Frameworks */,
				9FEC4DE115C2C1E7008B18D5 /* QuartzCore.framework in Frameworks */,
				9FEC4DDF15C2C1C5008B18D5 /* Security.framework in Frameworks */,
				9F8ED46615B98C6A00391EF8 /* UIKit.framework in Frameworks */,
				9F8ED46815B98C6A00391EF8 /* Foundation.framework in Frameworks */,
				9F8ED46A15B98C6A00391EF8 /* CoreGraphics.framework in Frameworks */,
			);
			runOnlyForDeploymentPostprocessing = 0;
		};
		9F8ED48415B98C6A00391EF8 /* Frameworks */ = {
			isa = PBXFrameworksBuildPhase;
			buildActionMask = 2147483647;
			files = (
				9F8ED48A15B98C6A00391EF8 /* SenTestingKit.framework in Frameworks */,
				9F8ED48B15B98C6A00391EF8 /* UIKit.framework in Frameworks */,
				9F8ED48C15B98C6A00391EF8 /* Foundation.framework in Frameworks */,
			);
			runOnlyForDeploymentPostprocessing = 0;
		};
/* End PBXFrameworksBuildPhase section */

/* Begin PBXGroup section */
		9F1463E21600E0D300EA03D6 /* xml */ = {
			isa = PBXGroup;
			children = (
				9F1463DF1600DF7A00EA03D6 /* TSAuthor.h */,
				9F1463E01600DF7A00EA03D6 /* TSAuthor.m */,
				9FF76E471601232500613DA1 /* TSDatabase.h */,
				9FF76E481601232500613DA1 /* TSDatabase.m */,
				9F1463D31600B6DD00EA03D6 /* TSDatabaseLock.h */,
				9F1463D41600B6DD00EA03D6 /* TSDatabaseLock.m */,
				9F1463CA15FF75FB00EA03D6 /* TSDatabaseMetadata.h */,
				9F1463CB15FF75FB00EA03D6 /* TSDatabaseMetadata.m */,
				9FF76E4E16020A3C00613DA1 /* TSDBGroup.h */,
				9FF76E4F16020A3C00613DA1 /* TSDBGroup.m */,
				9FF76E4B16020A2600613DA1 /* TSDBItem.h */,
				9FF76E4C16020A2600613DA1 /* TSDBItem.m */,
				9FF76E5116020C0C00613DA1 /* TSDBItemField.h */,
				9FF76E5216020C0C00613DA1 /* TSDBItemField.m */,
				9F1463D91600D49400EA03D6 /* TSLocalMetadata.h */,
				9F1463DA1600D49400EA03D6 /* TSLocalMetadata.m */,
				9F1463D61600D3AA00EA03D6 /* TSVersion.h */,
				9F1463D71600D3AA00EA03D6 /* TSVersion.m */,
				9FEC4E6315CABC77008B18D5 /* TSXMLSerializable.h */,
			);
			path = xml;
			sourceTree = "<group>";
		};
		9F1463E41600E69A00EA03D6 /* utils */ = {
			isa = PBXGroup;
			children = (
				9F98D40C15F0CAB9001A2C82 /* TSCryptoUtils.h */,
				9F98D40D15F0CAB9001A2C82 /* TSCryptoUtils.m */,
				9F1463CD15FF7BEC00EA03D6 /* TSDateUtils.h */,
				9F1463CE15FF7BEC00EA03D6 /* TSDateUtils.m */,
				9F1463D015FF820400EA03D6 /* TSDeviceUtils.h */,
				9F1463D115FF820400EA03D6 /* TSDeviceUtils.m */,
				9F98D40F15F0CCB3001A2C82 /* TSStringUtils.h */,
				9F98D41015F0CCB3001A2C82 /* TSStringUtils.m */,
				9F1463BC15FE41B600EA03D6 /* TSUserDefaults.h */,
				9F1463BD15FE41B600EA03D6 /* TSUserDefaults.m */,
			);
			path = utils;
			sourceTree = "<group>";
		};
		9F1463E61600EB0800EA03D6 /* src */ = {
			isa = PBXGroup;
			children = (
				9F1463BF15FE441F00EA03D6 /* TSConstants.h */,
				9F9D868F15CC10530066BC04 /* controller */,
				9FEC4E3B15CAA349008B18D5 /* model */,
				9F1463E41600E69A00EA03D6 /* utils */,
			);
			path = src;
			sourceTree = "<group>";
		};
		9F8ED45615B98C6900391EF8 = {
			isa = PBXGroup;
			children = (
				9F8ED46B15B98C6A00391EF8 /* TanukiSecrets */,
				9F8ED48F15B98C6A00391EF8 /* TanukiSecretsTests */,
				9F8ED46415B98C6A00391EF8 /* Frameworks */,
				9F8ED46215B98C6A00391EF8 /* Products */,
			);
			sourceTree = "<group>";
		};
		9F8ED46215B98C6A00391EF8 /* Products */ = {
			isa = PBXGroup;
			children = (
				9F8ED46115B98C6A00391EF8 /* TanukiSecrets.app */,
				9F8ED48815B98C6A00391EF8 /* TanukiSecretsTests.octest */,
			);
			name = Products;
			sourceTree = "<group>";
		};
		9F8ED46415B98C6A00391EF8 /* Frameworks */ = {
			isa = PBXGroup;
			children = (
				9FEC4DDC15C2C187008B18D5 /* DropboxSDK.framework */,
				9FEC4DE015C2C1E7008B18D5 /* QuartzCore.framework */,
				9FEC4DDE15C2C1C5008B18D5 /* Security.framework */,
				9F8ED46515B98C6A00391EF8 /* UIKit.framework */,
				9F8ED46715B98C6A00391EF8 /* Foundation.framework */,
				9F8ED46915B98C6A00391EF8 /* CoreGraphics.framework */,
				9F8ED48915B98C6A00391EF8 /* SenTestingKit.framework */,
			);
			name = Frameworks;
			sourceTree = "<group>";
		};
		9F8ED46B15B98C6A00391EF8 /* TanukiSecrets */ = {
			isa = PBXGroup;
			children = (
				9F1463E61600EB0800EA03D6 /* src */,
				9FEC4DCB15C29847008B18D5 /* lib */,
				9F8ED4B015B9A0AC00391EF8 /* sandbox */,
				9F8ED46C15B98C6A00391EF8 /* Supporting Files */,
				9FEC4DE215C2C43C008B18D5 /* secrets.h */,
			);
			path = TanukiSecrets;
			sourceTree = "<group>";
		};
		9F8ED46C15B98C6A00391EF8 /* Supporting Files */ = {
			isa = PBXGroup;
			children = (
				9FEC4DC515C18107008B18D5 /* TanukiSecrets.entitlements */,
				9F8ED47415B98C6A00391EF8 /* TSAppDelegate.h */,
				9F8ED47115B98C6A00391EF8 /* main.m */,
				9F8ED47515B98C6A00391EF8 /* TSAppDelegate.m */,
				9F8ED47315B98C6A00391EF8 /* TanukiSecrets-Prefix.pch */,
				9F8ED46D15B98C6A00391EF8 /* TanukiSecrets-Info.plist */,
				9F98D41615F7B137001A2C82 /* iPadSandbox.storyboard */,
				9F9D869015CC14CA0066BC04 /* Sandbox.storyboard */,
				9F8ED46E15B98C6A00391EF8 /* InfoPlist.strings */,
				9F8ED47A15B98C6A00391EF8 /* MainStoryboard_iPad.storyboard */,
				9F8ED47715B98C6A00391EF8 /* MainStoryboard_iPhone.storyboard */,
			);
			name = "Supporting Files";
			sourceTree = "<group>";
		};
		9F8ED48F15B98C6A00391EF8 /* TanukiSecretsTests */ = {
			isa = PBXGroup;
			children = (
				9F8ED49515B98C6A00391EF8 /* TanukiSecretsTests.h */,
				9F8ED49615B98C6A00391EF8 /* TanukiSecretsTests.m */,
				9F8ED49015B98C6A00391EF8 /* Supporting Files */,
			);
			path = TanukiSecretsTests;
			sourceTree = "<group>";
		};
		9F8ED49015B98C6A00391EF8 /* Supporting Files */ = {
			isa = PBXGroup;
			children = (
				9F8ED49115B98C6A00391EF8 /* TanukiSecretsTests-Info.plist */,
				9F8ED49215B98C6A00391EF8 /* InfoPlist.strings */,
			);
			name = "Supporting Files";
			sourceTree = "<group>";
		};
		9F8ED4B015B9A0AC00391EF8 /* sandbox */ = {
			isa = PBXGroup;
			children = (
				9F8ED4B215B9A0EB00391EF8 /* TSFilesystemTableViewController.h */,
				9F8ED4B315B9A0EB00391EF8 /* TSFilesystemTableViewController.m */,
				9FEC4E0715C93F0D008B18D5 /* TSUnlockViewController.h */,
				9FEC4E0815C93F0D008B18D5 /* TSUnlockViewController.m */,
				9FEC4E3C15CAA386008B18D5 /* TSListOfItems.h */,
				9FEC4E3D15CAA386008B18D5 /* TSListOfItems.m */,
				9FEC4E3F15CAA396008B18D5 /* TSItem.h */,
				9FEC4E4015CAA396008B18D5 /* TSItem.m */,
			);
			path = sandbox;
			sourceTree = "<group>";
		};
		9F9D868B15CBFDF60066BC04 /* SMXMLDocument */ = {
			isa = PBXGroup;
			children = (
				9F9D868C15CBFDF60066BC04 /* SMXMLDocument.h */,
				9F9D868D15CBFDF60066BC04 /* SMXMLDocument.m */,
			);
			path = SMXMLDocument;
			sourceTree = "<group>";
		};
		9F9D868F15CC10530066BC04 /* controller */ = {
			isa = PBXGroup;
			children = (
				9F8ED47D15B98C6A00391EF8 /* TSMasterViewController.h */,
				9F8ED47E15B98C6A00391EF8 /* TSMasterViewController.m */,
				9F8ED48015B98C6A00391EF8 /* TSDetailViewController.h */,
				9F8ED48115B98C6A00391EF8 /* TSDetailViewController.m */,
			);
			path = controller;
			sourceTree = "<group>";
		};
		9FEC4DCB15C29847008B18D5 /* lib */ = {
			isa = PBXGroup;
			children = (
				9F9D868B15CBFDF60066BC04 /* SMXMLDocument */,
				9FEC4E5F15CABA1E008B18D5 /* XMLWriter */,
				9FEC4DCC15C29870008B18D5 /* JSNotifier */,
			);
			path = lib;
			sourceTree = "<group>";
		};
		9FEC4DCC15C29870008B18D5 /* JSNotifier */ = {
			isa = PBXGroup;
			children = (
				9FEC4DD015C298E7008B18D5 /* NotifyCheck.png */,
				9FEC4DD115C298E7008B18D5 /* NotifyCheck@2x.png */,
				9FEC4DD215C298E7008B18D5 /* NotifyX.png */,
				9FEC4DD315C298E7008B18D5 /* NotifyX@2x.png */,
				9FEC4DCD15C29894008B18D5 /* JSNotifier.h */,
				9FEC4DCE15C29894008B18D5 /* JSNotifier.m */,
			);
			path = JSNotifier;
			sourceTree = "<group>";
		};
		9FEC4E3B15CAA349008B18D5 /* model */ = {
			isa = PBXGroup;
			children = (
				9F1463E21600E0D300EA03D6 /* xml */,
				9F1463B815FE342000EA03D6 /* TSSharedState.h */,
				9F1463B915FE342000EA03D6 /* TSSharedState.m */,
			);
			path = model;
			sourceTree = "<group>";
		};
		9FEC4E5F15CABA1E008B18D5 /* XMLWriter */ = {
			isa = PBXGroup;
			children = (
				9FEC4E6015CABA1E008B18D5 /* XMLWriter.h */,
				9FEC4E6115CABA1E008B18D5 /* XMLWriter.m */,
			);
			path = XMLWriter;
			sourceTree = "<group>";
		};
/* End PBXGroup section */

/* Begin PBXNativeTarget section */
		9F8ED46015B98C6A00391EF8 /* TanukiSecrets */ = {
			isa = PBXNativeTarget;
			buildConfigurationList = 9F8ED49A15B98C6A00391EF8 /* Build configuration list for PBXNativeTarget "TanukiSecrets" */;
			buildPhases = (
				9F8ED45D15B98C6A00391EF8 /* Sources */,
				9F8ED45E15B98C6A00391EF8 /* Frameworks */,
				9F8ED45F15B98C6A00391EF8 /* Resources */,
			);
			buildRules = (
			);
			dependencies = (
			);
			name = TanukiSecrets;
			productName = TanukiSecrets;
			productReference = 9F8ED46115B98C6A00391EF8 /* TanukiSecrets.app */;
			productType = "com.apple.product-type.application";
		};
		9F8ED48715B98C6A00391EF8 /* TanukiSecretsTests */ = {
			isa = PBXNativeTarget;
			buildConfigurationList = 9F8ED49D15B98C6A00391EF8 /* Build configuration list for PBXNativeTarget "TanukiSecretsTests" */;
			buildPhases = (
				9F8ED48315B98C6A00391EF8 /* Sources */,
				9F8ED48415B98C6A00391EF8 /* Frameworks */,
				9F8ED48515B98C6A00391EF8 /* Resources */,
				9F8ED48615B98C6A00391EF8 /* ShellScript */,
			);
			buildRules = (
			);
			dependencies = (
				9F8ED48E15B98C6A00391EF8 /* PBXTargetDependency */,
			);
			name = TanukiSecretsTests;
			productName = TanukiSecretsTests;
			productReference = 9F8ED48815B98C6A00391EF8 /* TanukiSecretsTests.octest */;
			productType = "com.apple.product-type.bundle";
		};
/* End PBXNativeTarget section */

/* Begin PBXProject section */
		9F8ED45815B98C6900391EF8 /* Project object */ = {
			isa = PBXProject;
			attributes = {
				CLASSPREFIX = TS;
				LastUpgradeCheck = 0430;
				ORGANIZATIONNAME = BlueTanuki;
			};
			buildConfigurationList = 9F8ED45B15B98C6900391EF8 /* Build configuration list for PBXProject "TanukiSecrets" */;
			compatibilityVersion = "Xcode 3.2";
			developmentRegion = English;
			hasScannedForEncodings = 0;
			knownRegions = (
				en,
			);
			mainGroup = 9F8ED45615B98C6900391EF8;
			productRefGroup = 9F8ED46215B98C6A00391EF8 /* Products */;
			projectDirPath = "";
			projectRoot = "";
			targets = (
				9F8ED46015B98C6A00391EF8 /* TanukiSecrets */,
				9F8ED48715B98C6A00391EF8 /* TanukiSecretsTests */,
			);
		};
/* End PBXProject section */

/* Begin PBXResourcesBuildPhase section */
		9F8ED45F15B98C6A00391EF8 /* Resources */ = {
			isa = PBXResourcesBuildPhase;
			buildActionMask = 2147483647;
			files = (
				9F8ED47015B98C6A00391EF8 /* InfoPlist.strings in Resources */,
				9F8ED47915B98C6A00391EF8 /* MainStoryboard_iPhone.storyboard in Resources */,
				9F8ED47C15B98C6A00391EF8 /* MainStoryboard_iPad.storyboard in Resources */,
				9FEC4DD415C298E7008B18D5 /* NotifyCheck.png in Resources */,
				9FEC4DD515C298E7008B18D5 /* NotifyCheck@2x.png in Resources */,
				9FEC4DD615C298E7008B18D5 /* NotifyX.png in Resources */,
				9FEC4DD715C298E7008B18D5 /* NotifyX@2x.png in Resources */,
				9F9D869115CC14CA0066BC04 /* Sandbox.storyboard in Resources */,
				9F98D41715F7B137001A2C82 /* iPadSandbox.storyboard in Resources */,
			);
			runOnlyForDeploymentPostprocessing = 0;
		};
		9F8ED48515B98C6A00391EF8 /* Resources */ = {
			isa = PBXResourcesBuildPhase;
			buildActionMask = 2147483647;
			files = (
				9F8ED49415B98C6A00391EF8 /* InfoPlist.strings in Resources */,
			);
			runOnlyForDeploymentPostprocessing = 0;
		};
/* End PBXResourcesBuildPhase section */

/* Begin PBXShellScriptBuildPhase section */
		9F8ED48615B98C6A00391EF8 /* ShellScript */ = {
			isa = PBXShellScriptBuildPhase;
			buildActionMask = 2147483647;
			files = (
			);
			inputPaths = (
			);
			outputPaths = (
			);
			runOnlyForDeploymentPostprocessing = 0;
			shellPath = /bin/sh;
			shellScript = "# Run the unit tests in this test bundle.\n\"${SYSTEM_DEVELOPER_DIR}/Tools/RunUnitTests\"\n";
		};
/* End PBXShellScriptBuildPhase section */

/* Begin PBXSourcesBuildPhase section */
		9F8ED45D15B98C6A00391EF8 /* Sources */ = {
			isa = PBXSourcesBuildPhase;
			buildActionMask = 2147483647;
			files = (
				9F8ED47215B98C6A00391EF8 /* main.m in Sources */,
				9F8ED47615B98C6A00391EF8 /* TSAppDelegate.m in Sources */,
				9F8ED47F15B98C6A00391EF8 /* TSMasterViewController.m in Sources */,
				9F8ED48215B98C6A00391EF8 /* TSDetailViewController.m in Sources */,
				9F8ED4B415B9A0EB00391EF8 /* TSFilesystemTableViewController.m in Sources */,
				9FEC4DCF15C29894008B18D5 /* JSNotifier.m in Sources */,
				9FEC4E0915C93F0D008B18D5 /* TSUnlockViewController.m in Sources */,
				9FEC4E3E15CAA386008B18D5 /* TSListOfItems.m in Sources */,
				9FEC4E4115CAA396008B18D5 /* TSItem.m in Sources */,
				9FEC4E6215CABA1E008B18D5 /* XMLWriter.m in Sources */,
				9F9D868E15CBFDF60066BC04 /* SMXMLDocument.m in Sources */,
				9F98D40E15F0CAB9001A2C82 /* TSCryptoUtils.m in Sources */,
				9F98D41115F0CCB3001A2C82 /* TSStringUtils.m in Sources */,
				9F1463BA15FE342000EA03D6 /* TSSharedState.m in Sources */,
				9F1463BE15FE41B600EA03D6 /* TSUserDefaults.m in Sources */,
				9F1463CC15FF75FC00EA03D6 /* TSDatabaseMetadata.m in Sources */,
				9F1463CF15FF7BEC00EA03D6 /* TSDateUtils.m in Sources */,
				9F1463D215FF820400EA03D6 /* TSDeviceUtils.m in Sources */,
				9F1463D51600B6DD00EA03D6 /* TSDatabaseLock.m in Sources */,
				9F1463D81600D3AA00EA03D6 /* TSVersion.m in Sources */,
				9F1463DB1600D49400EA03D6 /* TSLocalMetadata.m in Sources */,
				9F1463E11600DF7A00EA03D6 /* TSAuthor.m in Sources */,
				9FF76E491601232600613DA1 /* TSDatabase.m in Sources */,
				9FF76E4D16020A2600613DA1 /* TSDBItem.m in Sources */,
				9FF76E5016020A3D00613DA1 /* TSDBGroup.m in Sources */,
				9FF76E5316020C0D00613DA1 /* TSDBItemField.m in Sources */,
			);
			runOnlyForDeploymentPostprocessing = 0;
		};
		9F8ED48315B98C6A00391EF8 /* Sources */ = {
			isa = PBXSourcesBuildPhase;
			buildActionMask = 2147483647;
			files = (
				9F8ED49715B98C6A00391EF8 /* TanukiSecretsTests.m in Sources */,
			);
			runOnlyForDeploymentPostprocessing = 0;
		};
/* End PBXSourcesBuildPhase section */

/* Begin PBXTargetDependency section */
		9F8ED48E15B98C6A00391EF8 /* PBXTargetDependency */ = {
			isa = PBXTargetDependency;
			target = 9F8ED46015B98C6A00391EF8 /* TanukiSecrets */;
			targetProxy = 9F8ED48D15B98C6A00391EF8 /* PBXContainerItemProxy */;
		};
/* End PBXTargetDependency section */

/* Begin PBXVariantGroup section */
		9F8ED46E15B98C6A00391EF8 /* InfoPlist.strings */ = {
			isa = PBXVariantGroup;
			children = (
				9F8ED46F15B98C6A00391EF8 /* en */,
			);
			name = InfoPlist.strings;
			sourceTree = "<group>";
		};
		9F8ED47715B98C6A00391EF8 /* MainStoryboard_iPhone.storyboard */ = {
			isa = PBXVariantGroup;
			children = (
				9F8ED47815B98C6A00391EF8 /* en */,
			);
			name = MainStoryboard_iPhone.storyboard;
			sourceTree = "<group>";
		};
		9F8ED47A15B98C6A00391EF8 /* MainStoryboard_iPad.storyboard */ = {
			isa = PBXVariantGroup;
			children = (
				9F8ED47B15B98C6A00391EF8 /* en */,
			);
			name = MainStoryboard_iPad.storyboard;
			sourceTree = "<group>";
		};
		9F8ED49215B98C6A00391EF8 /* InfoPlist.strings */ = {
			isa = PBXVariantGroup;
			children = (
				9F8ED49315B98C6A00391EF8 /* en */,
			);
			name = InfoPlist.strings;
			sourceTree = "<group>";
		};
/* End PBXVariantGroup section */

/* Begin XCBuildConfiguration section */
		9F8ED49815B98C6A00391EF8 /* Debug */ = {
			isa = XCBuildConfiguration;
			buildSettings = {
				ALWAYS_SEARCH_USER_PATHS = NO;
				ARCHS = "$(ARCHS_STANDARD_32_BIT)";
				CLANG_ENABLE_OBJC_ARC = YES;
				"CODE_SIGN_IDENTITY[sdk=iphoneos*]" = "iPhone Developer";
				COPY_PHASE_STRIP = NO;
				GCC_C_LANGUAGE_STANDARD = gnu99;
				GCC_DYNAMIC_NO_PIC = NO;
				GCC_OPTIMIZATION_LEVEL = 0;
				GCC_PREPROCESSOR_DEFINITIONS = (
					"DEBUG=1",
					"$(inherited)",
				);
				GCC_SYMBOLS_PRIVATE_EXTERN = NO;
				GCC_VERSION = com.apple.compilers.llvm.clang.1_0;
				GCC_WARN_ABOUT_RETURN_TYPE = YES;
				GCC_WARN_UNINITIALIZED_AUTOS = YES;
				GCC_WARN_UNUSED_VARIABLE = YES;
				IPHONEOS_DEPLOYMENT_TARGET = 5.1;
				SDKROOT = iphoneos;
				TARGETED_DEVICE_FAMILY = "1,2";
			};
			name = Debug;
		};
		9F8ED49915B98C6A00391EF8 /* Release */ = {
			isa = XCBuildConfiguration;
			buildSettings = {
				ALWAYS_SEARCH_USER_PATHS = NO;
				ARCHS = "$(ARCHS_STANDARD_32_BIT)";
				CLANG_ENABLE_OBJC_ARC = YES;
				"CODE_SIGN_IDENTITY[sdk=iphoneos*]" = "iPhone Developer";
				COPY_PHASE_STRIP = YES;
				GCC_C_LANGUAGE_STANDARD = gnu99;
				GCC_VERSION = com.apple.compilers.llvm.clang.1_0;
				GCC_WARN_ABOUT_RETURN_TYPE = YES;
				GCC_WARN_UNINITIALIZED_AUTOS = YES;
				GCC_WARN_UNUSED_VARIABLE = YES;
				IPHONEOS_DEPLOYMENT_TARGET = 5.1;
				OTHER_CFLAGS = "-DNS_BLOCK_ASSERTIONS=1";
				SDKROOT = iphoneos;
				TARGETED_DEVICE_FAMILY = "1,2";
				VALIDATE_PRODUCT = YES;
			};
			name = Release;
		};
		9F8ED49B15B98C6A00391EF8 /* Debug */ = {
			isa = XCBuildConfiguration;
			buildSettings = {
				CODE_SIGN_ENTITLEMENTS = TanukiSecrets/TanukiSecrets.entitlements;
				FRAMEWORK_SEARCH_PATHS = (
					"$(inherited)",
					"\"$(SRCROOT)/TanukiSecrets\"",
					"\"$(SRCROOT)/TanukiSecrets/lib\"",
				);
				GCC_PRECOMPILE_PREFIX_HEADER = YES;
				GCC_PREFIX_HEADER = "TanukiSecrets/TanukiSecrets-Prefix.pch";
				INFOPLIST_FILE = "TanukiSecrets/TanukiSecrets-Info.plist";
				LIBRARY_SEARCH_PATHS = (
					"$(inherited)",
					"\"$(SDKROOT)/usr/lib/system\"",
				);
				PRODUCT_NAME = "$(TARGET_NAME)";
				WRAPPER_EXTENSION = app;
			};
			name = Debug;
		};
		9F8ED49C15B98C6A00391EF8 /* Release */ = {
			isa = XCBuildConfiguration;
			buildSettings = {
				CODE_SIGN_ENTITLEMENTS = TanukiSecrets/TanukiSecrets.entitlements;
				FRAMEWORK_SEARCH_PATHS = (
					"$(inherited)",
					"\"$(SRCROOT)/TanukiSecrets\"",
					"\"$(SRCROOT)/TanukiSecrets/lib\"",
				);
				GCC_PRECOMPILE_PREFIX_HEADER = YES;
				GCC_PREFIX_HEADER = "TanukiSecrets/TanukiSecrets-Prefix.pch";
				INFOPLIST_FILE = "TanukiSecrets/TanukiSecrets-Info.plist";
				LIBRARY_SEARCH_PATHS = (
					"$(inherited)",
					"\"$(SDKROOT)/usr/lib/system\"",
				);
				PRODUCT_NAME = "$(TARGET_NAME)";
				WRAPPER_EXTENSION = app;
			};
			name = Release;
		};
		9F8ED49E15B98C6A00391EF8 /* Debug */ = {
			isa = XCBuildConfiguration;
			buildSettings = {
				BUNDLE_LOADER = "$(BUILT_PRODUCTS_DIR)/TanukiSecrets.app/TanukiSecrets";
				FRAMEWORK_SEARCH_PATHS = (
					"$(SDKROOT)/Developer/Library/Frameworks",
					"$(DEVELOPER_LIBRARY_DIR)/Frameworks",
				);
				GCC_PRECOMPILE_PREFIX_HEADER = YES;
				GCC_PREFIX_HEADER = "TanukiSecrets/TanukiSecrets-Prefix.pch";
				INFOPLIST_FILE = "TanukiSecretsTests/TanukiSecretsTests-Info.plist";
				PRODUCT_NAME = "$(TARGET_NAME)";
				TEST_HOST = "$(BUNDLE_LOADER)";
				WRAPPER_EXTENSION = octest;
			};
			name = Debug;
		};
		9F8ED49F15B98C6A00391EF8 /* Release */ = {
			isa = XCBuildConfiguration;
			buildSettings = {
				BUNDLE_LOADER = "$(BUILT_PRODUCTS_DIR)/TanukiSecrets.app/TanukiSecrets";
				FRAMEWORK_SEARCH_PATHS = (
					"$(SDKROOT)/Developer/Library/Frameworks",
					"$(DEVELOPER_LIBRARY_DIR)/Frameworks",
				);
				GCC_PRECOMPILE_PREFIX_HEADER = YES;
				GCC_PREFIX_HEADER = "TanukiSecrets/TanukiSecrets-Prefix.pch";
				INFOPLIST_FILE = "TanukiSecretsTests/TanukiSecretsTests-Info.plist";
				PRODUCT_NAME = "$(TARGET_NAME)";
				TEST_HOST = "$(BUNDLE_LOADER)";
				WRAPPER_EXTENSION = octest;
			};
			name = Release;
		};
/* End XCBuildConfiguration section */

/* Begin XCConfigurationList section */
		9F8ED45B15B98C6900391EF8 /* Build configuration list for PBXProject "TanukiSecrets" */ = {
			isa = XCConfigurationList;
			buildConfigurations = (
				9F8ED49815B98C6A00391EF8 /* Debug */,
				9F8ED49915B98C6A00391EF8 /* Release */,
			);
			defaultConfigurationIsVisible = 0;
			defaultConfigurationName = Release;
		};
		9F8ED49A15B98C6A00391EF8 /* Build configuration list for PBXNativeTarget "TanukiSecrets" */ = {
			isa = XCConfigurationList;
			buildConfigurations = (
				9F8ED49B15B98C6A00391EF8 /* Debug */,
				9F8ED49C15B98C6A00391EF8 /* Release */,
			);
			defaultConfigurationIsVisible = 0;
			defaultConfigurationName = Release;
		};
		9F8ED49D15B98C6A00391EF8 /* Build configuration list for PBXNativeTarget "TanukiSecretsTests" */ = {
			isa = XCConfigurationList;
			buildConfigurations = (
				9F8ED49E15B98C6A00391EF8 /* Debug */,
				9F8ED49F15B98C6A00391EF8 /* Release */,
			);
			defaultConfigurationIsVisible = 0;
			defaultConfigurationName = Release;
		};
/* End XCConfigurationList section */
	};
	rootObject = 9F8ED45815B98C6900391EF8 /* Project object */;
}
