// !$*UTF8*$!
{
	archiveVersion = 1;
	classes = {
	};
	objectVersion = 46;
	objects = {

/* Begin PBXBuildFile section */
		9F026A1C160B76180097BED4 /* DropboxSDK.framework in Frameworks */ = {isa = PBXBuildFile; fileRef = 9F026A1B160B76180097BED4 /* DropboxSDK.framework */; };
		9F10A8A6164C1EAE0008ECD0 /* TSNewDatabaseSecuritySettingsTVC.m in Sources */ = {isa = PBXBuildFile; fileRef = 9F10A8A5164C1EAE0008ECD0 /* TSNewDatabaseSecuritySettingsTVC.m */; };
		9F1463BA15FE342000EA03D6 /* TSSharedState.m in Sources */ = {isa = PBXBuildFile; fileRef = 9F1463B915FE342000EA03D6 /* TSSharedState.m */; };
		9F1463BE15FE41B600EA03D6 /* TSUserDefaults.m in Sources */ = {isa = PBXBuildFile; fileRef = 9F1463BD15FE41B600EA03D6 /* TSUserDefaults.m */; };
		9F1463CC15FF75FC00EA03D6 /* TSDatabaseMetadata.m in Sources */ = {isa = PBXBuildFile; fileRef = 9F1463CB15FF75FB00EA03D6 /* TSDatabaseMetadata.m */; };
		9F1463CF15FF7BEC00EA03D6 /* TSDateUtils.m in Sources */ = {isa = PBXBuildFile; fileRef = 9F1463CE15FF7BEC00EA03D6 /* TSDateUtils.m */; };
		9F1463D215FF820400EA03D6 /* TSDeviceUtils.m in Sources */ = {isa = PBXBuildFile; fileRef = 9F1463D115FF820400EA03D6 /* TSDeviceUtils.m */; };
		9F1463D51600B6DD00EA03D6 /* TSDatabaseLock.m in Sources */ = {isa = PBXBuildFile; fileRef = 9F1463D41600B6DD00EA03D6 /* TSDatabaseLock.m */; };
		9F1463D81600D3AA00EA03D6 /* TSVersion.m in Sources */ = {isa = PBXBuildFile; fileRef = 9F1463D71600D3AA00EA03D6 /* TSVersion.m */; };
		9F1463DB1600D49400EA03D6 /* TSLocalMetadata.m in Sources */ = {isa = PBXBuildFile; fileRef = 9F1463DA1600D49400EA03D6 /* TSLocalMetadata.m */; };
		9F1463E11600DF7A00EA03D6 /* TSAuthor.m in Sources */ = {isa = PBXBuildFile; fileRef = 9F1463E01600DF7A00EA03D6 /* TSAuthor.m */; };
		9F17067E164E7E89005BA586 /* Default-568h@2x.png in Resources */ = {isa = PBXBuildFile; fileRef = 9F17067B164E7E89005BA586 /* Default-568h@2x.png */; };
		9F17067F164E7E89005BA586 /* Default.png in Resources */ = {isa = PBXBuildFile; fileRef = 9F17067C164E7E89005BA586 /* Default.png */; };
		9F170680164E7E89005BA586 /* Default@2x.png in Resources */ = {isa = PBXBuildFile; fileRef = 9F17067D164E7E89005BA586 /* Default@2x.png */; };
		9F321261163EE07700123E72 /* TSUnlockDatabaseViewController.m in Sources */ = {isa = PBXBuildFile; fileRef = 9F321260163EE07700123E72 /* TSUnlockDatabaseViewController.m */; };
		9F321267163EF4FB00123E72 /* OpenDatabaseStoryboard_iPhone.storyboard in Resources */ = {isa = PBXBuildFile; fileRef = 9F321266163EF4FB00123E72 /* OpenDatabaseStoryboard_iPhone.storyboard */; };
		9F3215FD163F0E7800123E72 /* settings_small.png in Resources */ = {isa = PBXBuildFile; fileRef = 9F3215F7163F0E7800123E72 /* settings_small.png */; };
		9F3215FE163F0E7800123E72 /* settings_small@2x.png in Resources */ = {isa = PBXBuildFile; fileRef = 9F3215F8163F0E7800123E72 /* settings_small@2x.png */; };
		9F3215FF163F0E7800123E72 /* settings.png in Resources */ = {isa = PBXBuildFile; fileRef = 9F3215F9163F0E7800123E72 /* settings.png */; };
		9F321600163F0E7800123E72 /* settings@2x.png in Resources */ = {isa = PBXBuildFile; fileRef = 9F3215FA163F0E7800123E72 /* settings@2x.png */; };
		9F321601163F0E7800123E72 /* sync.png in Resources */ = {isa = PBXBuildFile; fileRef = 9F3215FB163F0E7800123E72 /* sync.png */; };
		9F321602163F0E7800123E72 /* sync@2x.png in Resources */ = {isa = PBXBuildFile; fileRef = 9F3215FC163F0E7800123E72 /* sync@2x.png */; };
		9F321606163F10DC00123E72 /* TSTabBarController.m in Sources */ = {isa = PBXBuildFile; fileRef = 9F321605163F10DC00123E72 /* TSTabBarController.m */; };
		9F321609163F126E00123E72 /* lock.png in Resources */ = {isa = PBXBuildFile; fileRef = 9F321607163F126E00123E72 /* lock.png */; };
		9F32160A163F126E00123E72 /* lock@2x.png in Resources */ = {isa = PBXBuildFile; fileRef = 9F321608163F126E00123E72 /* lock@2x.png */; };
		9F32161116404D4800123E72 /* info.png in Resources */ = {isa = PBXBuildFile; fileRef = 9F32160F16404D4800123E72 /* info.png */; };
		9F32161216404D4800123E72 /* info@2x.png in Resources */ = {isa = PBXBuildFile; fileRef = 9F32161016404D4800123E72 /* info@2x.png */; };
		9F32161616404DA000123E72 /* info_small.png in Resources */ = {isa = PBXBuildFile; fileRef = 9F32161416404DA000123E72 /* info_small.png */; };
		9F32161716404DA000123E72 /* info_small@2x.png in Resources */ = {isa = PBXBuildFile; fileRef = 9F32161516404DA000123E72 /* info_small@2x.png */; };
		9F32161D164054FD00123E72 /* TSInfoViewController.m in Sources */ = {isa = PBXBuildFile; fileRef = 9F32161C164054FC00123E72 /* TSInfoViewController.m */; };
		9F3216281642A74200123E72 /* browse.png in Resources */ = {isa = PBXBuildFile; fileRef = 9F3216261642A74100123E72 /* browse.png */; };
		9F3216291642A74200123E72 /* browse@2x.png in Resources */ = {isa = PBXBuildFile; fileRef = 9F3216271642A74200123E72 /* browse@2x.png */; };
		9F32162D1642AB7800123E72 /* TSDBGroupViewController.m in Sources */ = {isa = PBXBuildFile; fileRef = 9F32162C1642AB7800123E72 /* TSDBGroupViewController.m */; };
		9F492033165181B900B80E0A /* folder.png in Resources */ = {isa = PBXBuildFile; fileRef = 9F492031165181B900B80E0A /* folder.png */; };
		9F492034165181B900B80E0A /* folder@2x.png in Resources */ = {isa = PBXBuildFile; fileRef = 9F492032165181B900B80E0A /* folder@2x.png */; };
		9F492039165184BB00B80E0A /* file.png in Resources */ = {isa = PBXBuildFile; fileRef = 9F492035165184BB00B80E0A /* file.png */; };
		9F49203A165184BB00B80E0A /* file@2x.png in Resources */ = {isa = PBXBuildFile; fileRef = 9F492036165184BB00B80E0A /* file@2x.png */; };
		9F49203B165184BB00B80E0A /* fileClipboard.png in Resources */ = {isa = PBXBuildFile; fileRef = 9F492037165184BB00B80E0A /* fileClipboard.png */; };
		9F49203C165184BB00B80E0A /* fileClipboard@2x.png in Resources */ = {isa = PBXBuildFile; fileRef = 9F492038165184BB00B80E0A /* fileClipboard@2x.png */; };
		9F4920481652D05B00B80E0A /* TSModalDialogDismissingTableViewController.m in Sources */ = {isa = PBXBuildFile; fileRef = 9F4920471652D05A00B80E0A /* TSModalDialogDismissingTableViewController.m */; };
		9F49204C1652D7B800B80E0A /* TSNewGroupViewController.m in Sources */ = {isa = PBXBuildFile; fileRef = 9F49204B1652D7B800B80E0A /* TSNewGroupViewController.m */; };
		9F492053165557D000B80E0A /* TSNewItemChooseNameTVC.m in Sources */ = {isa = PBXBuildFile; fileRef = 9F492052165557D000B80E0A /* TSNewItemChooseNameTVC.m */; };
		9F492057165560AC00B80E0A /* TSNewItemChooseTypeTVC.m in Sources */ = {isa = PBXBuildFile; fileRef = 9F492056165560AB00B80E0A /* TSNewItemChooseTypeTVC.m */; };
		9F49205E1656B8B500B80E0A /* globe.png in Resources */ = {isa = PBXBuildFile; fileRef = 9F49205C1656B8B500B80E0A /* globe.png */; };
		9F49205F1656B8B500B80E0A /* globe@2x.png in Resources */ = {isa = PBXBuildFile; fileRef = 9F49205D1656B8B500B80E0A /* globe@2x.png */; };
		9F4920631656C4E600B80E0A /* TSDBItemViewController.m in Sources */ = {isa = PBXBuildFile; fileRef = 9F4920621656C4E500B80E0A /* TSDBItemViewController.m */; };
		9F492086165D4D6200B80E0A /* DateInputTableViewCell.m in Sources */ = {isa = PBXBuildFile; fileRef = 9F49207F165D4D6200B80E0A /* DateInputTableViewCell.m */; };
		9F492087165D4D6200B80E0A /* StringInputTableViewCell.m in Sources */ = {isa = PBXBuildFile; fileRef = 9F492081165D4D6200B80E0A /* StringInputTableViewCell.m */; };
		9F492088165D4D6200B80E0A /* IntegerInputTableViewCell.m in Sources */ = {isa = PBXBuildFile; fileRef = 9F492083165D4D6200B80E0A /* IntegerInputTableViewCell.m */; };
		9F492089165D4D6200B80E0A /* PickerInputTableViewCell.m in Sources */ = {isa = PBXBuildFile; fileRef = 9F492085165D4D6200B80E0A /* PickerInputTableViewCell.m */; };
		9F4920A1166110FC00B80E0A /* SimplePickerInputTableViewCell.m in Sources */ = {isa = PBXBuildFile; fileRef = 9F4920A0166110FB00B80E0A /* SimplePickerInputTableViewCell.m */; };
		9F5459E81649634B0011F6FC /* TSSelectiveTapCallbackTableViewController.m in Sources */ = {isa = PBXBuildFile; fileRef = 9F5459E71649634B0011F6FC /* TSSelectiveTapCallbackTableViewController.m */; };
		9F5459EC1649645D0011F6FC /* TSNewDatabaseChooseNameTVC.m in Sources */ = {isa = PBXBuildFile; fileRef = 9F5459EB1649645D0011F6FC /* TSNewDatabaseChooseNameTVC.m */; };
		9F57C20A16146E420085703E /* TSBackupUtils.m in Sources */ = {isa = PBXBuildFile; fileRef = 9F57C20916146E420085703E /* TSBackupUtils.m */; };
		9F57C20E161734400085703E /* TSUtils.m in Sources */ = {isa = PBXBuildFile; fileRef = 9F57C20D1617343E0085703E /* TSUtils.m */; };
		9F8E0369162837B60040662C /* TSDbStatusViewController.m in Sources */ = {isa = PBXBuildFile; fileRef = 9F8E0368162837B60040662C /* TSDbStatusViewController.m */; };
		9F8ED46615B98C6A00391EF8 /* UIKit.framework in Frameworks */ = {isa = PBXBuildFile; fileRef = 9F8ED46515B98C6A00391EF8 /* UIKit.framework */; };
		9F8ED46815B98C6A00391EF8 /* Foundation.framework in Frameworks */ = {isa = PBXBuildFile; fileRef = 9F8ED46715B98C6A00391EF8 /* Foundation.framework */; };
		9F8ED46A15B98C6A00391EF8 /* CoreGraphics.framework in Frameworks */ = {isa = PBXBuildFile; fileRef = 9F8ED46915B98C6A00391EF8 /* CoreGraphics.framework */; };
		9F8ED47015B98C6A00391EF8 /* InfoPlist.strings in Resources */ = {isa = PBXBuildFile; fileRef = 9F8ED46E15B98C6A00391EF8 /* InfoPlist.strings */; };
		9F8ED47215B98C6A00391EF8 /* main.m in Sources */ = {isa = PBXBuildFile; fileRef = 9F8ED47115B98C6A00391EF8 /* main.m */; };
		9F8ED47615B98C6A00391EF8 /* TSAppDelegate.m in Sources */ = {isa = PBXBuildFile; fileRef = 9F8ED47515B98C6A00391EF8 /* TSAppDelegate.m */; };
		9F8ED47915B98C6A00391EF8 /* MainStoryboard_iPhone.storyboard in Resources */ = {isa = PBXBuildFile; fileRef = 9F8ED47715B98C6A00391EF8 /* MainStoryboard_iPhone.storyboard */; };
		9F8ED47C15B98C6A00391EF8 /* MainStoryboard_iPad.storyboard in Resources */ = {isa = PBXBuildFile; fileRef = 9F8ED47A15B98C6A00391EF8 /* MainStoryboard_iPad.storyboard */; };
		9F8ED48A15B98C6A00391EF8 /* SenTestingKit.framework in Frameworks */ = {isa = PBXBuildFile; fileRef = 9F8ED48915B98C6A00391EF8 /* SenTestingKit.framework */; };
		9F8ED48B15B98C6A00391EF8 /* UIKit.framework in Frameworks */ = {isa = PBXBuildFile; fileRef = 9F8ED46515B98C6A00391EF8 /* UIKit.framework */; };
		9F8ED48C15B98C6A00391EF8 /* Foundation.framework in Frameworks */ = {isa = PBXBuildFile; fileRef = 9F8ED46715B98C6A00391EF8 /* Foundation.framework */; };
		9F8ED49415B98C6A00391EF8 /* InfoPlist.strings in Resources */ = {isa = PBXBuildFile; fileRef = 9F8ED49215B98C6A00391EF8 /* InfoPlist.strings */; };
		9F8ED49715B98C6A00391EF8 /* TanukiSecretsTests.m in Sources */ = {isa = PBXBuildFile; fileRef = 9F8ED49615B98C6A00391EF8 /* TanukiSecretsTests.m */; };
		9F8ED4B415B9A0EB00391EF8 /* TSFilesystemTableViewController.m in Sources */ = {isa = PBXBuildFile; fileRef = 9F8ED4B315B9A0EB00391EF8 /* TSFilesystemTableViewController.m */; };
		9F967746162055AE00C9182D /* TSiCloudWrapper.m in Sources */ = {isa = PBXBuildFile; fileRef = 9F967745162055AE00C9182D /* TSiCloudWrapper.m */; };
		9F96775E162096C700C9182D /* TSUIDocument.m in Sources */ = {isa = PBXBuildFile; fileRef = 9F96775D162096C700C9182D /* TSUIDocument.m */; };
		9F98D40E15F0CAB9001A2C82 /* TSCryptoUtils.m in Sources */ = {isa = PBXBuildFile; fileRef = 9F98D40D15F0CAB9001A2C82 /* TSCryptoUtils.m */; };
		9F98D41115F0CCB3001A2C82 /* TSStringUtils.m in Sources */ = {isa = PBXBuildFile; fileRef = 9F98D41015F0CCB3001A2C82 /* TSStringUtils.m */; };
		9F9C94191661547C00F85CEB /* TSEditItemTVC.m in Sources */ = {isa = PBXBuildFile; fileRef = 9F9C94181661547C00F85CEB /* TSEditItemTVC.m */; };
		9F9D868E15CBFDF60066BC04 /* SMXMLDocument.m in Sources */ = {isa = PBXBuildFile; fileRef = 9F9D868D15CBFDF60066BC04 /* SMXMLDocument.m */; };
		9F9D869115CC14CA0066BC04 /* Sandbox.storyboard in Resources */ = {isa = PBXBuildFile; fileRef = 9F9D869015CC14CA0066BC04 /* Sandbox.storyboard */; };
		9FC16205161F081700094E43 /* TSDatabaseWrapper.m in Sources */ = {isa = PBXBuildFile; fileRef = 9FC16204161F081700094E43 /* TSDatabaseWrapper.m */; };
		9FC25B1A16652263000850BE /* TSEditFieldTVC.m in Sources */ = {isa = PBXBuildFile; fileRef = 9FC25B1916652263000850BE /* TSEditFieldTVC.m */; };
		9FC25B1E1665456E000850BE /* d20.png in Resources */ = {isa = PBXBuildFile; fileRef = 9FC25B1C1665456E000850BE /* d20.png */; };
		9FC25B1F1665456E000850BE /* d20@2x.png in Resources */ = {isa = PBXBuildFile; fileRef = 9FC25B1D1665456E000850BE /* d20@2x.png */; };
		9FCE97BD1631A289003FE67F /* TSLocalDatabasesViewController.m in Sources */ = {isa = PBXBuildFile; fileRef = 9FCE97BC1631A288003FE67F /* TSLocalDatabasesViewController.m */; };
		9FCE97C61631BD2E003FE67F /* TSChooseCreationMethodViewController.m in Sources */ = {isa = PBXBuildFile; fileRef = 9FCE97C51631BD2E003FE67F /* TSChooseCreationMethodViewController.m */; };
		9FCE97C91635B2E6003FE67F /* TSRemoteDatabasesViewController.m in Sources */ = {isa = PBXBuildFile; fileRef = 9FCE97C81635B2E5003FE67F /* TSRemoteDatabasesViewController.m */; };
		9FCE97CC1635C14A003FE67F /* TSCreateDatabaseFromDropboxViewController.m in Sources */ = {isa = PBXBuildFile; fileRef = 9FCE97CB1635C14A003FE67F /* TSCreateDatabaseFromDropboxViewController.m */; };
		9FCE97CF1635D23E003FE67F /* TSLinkWithDropboxViewController.m in Sources */ = {isa = PBXBuildFile; fileRef = 9FCE97CE1635D23D003FE67F /* TSLinkWithDropboxViewController.m */; };
		9FCE97D71636D133003FE67F /* TSCreateDatabaseFromICloudViewController.m in Sources */ = {isa = PBXBuildFile; fileRef = 9FCE97D61636D133003FE67F /* TSCreateDatabaseFromICloudViewController.m */; };
		9FCE97EE1639602B003FE67F /* TSNewDatabaseChooseNameVC.m in Sources */ = {isa = PBXBuildFile; fileRef = 9FCE97ED1639602A003FE67F /* TSNewDatabaseChooseNameVC.m */; };
		9FCE97FD163A721A003FE67F /* TSNewDatabaseSecuritySettingsVC.m in Sources */ = {isa = PBXBuildFile; fileRef = 9FCE97FC163A7219003FE67F /* TSNewDatabaseSecuritySettingsVC.m */; };
		9FCE9800163A734B003FE67F /* TSKeyboardDismissingViewController.m in Sources */ = {isa = PBXBuildFile; fileRef = 9FCE97FF163A7346003FE67F /* TSKeyboardDismissingViewController.m */; };
		9FEC4DCF15C29894008B18D5 /* JSNotifier.m in Sources */ = {isa = PBXBuildFile; fileRef = 9FEC4DCE15C29894008B18D5 /* JSNotifier.m */; };
		9FEC4DD415C298E7008B18D5 /* NotifyCheck.png in Resources */ = {isa = PBXBuildFile; fileRef = 9FEC4DD015C298E7008B18D5 /* NotifyCheck.png */; };
		9FEC4DD515C298E7008B18D5 /* NotifyCheck@2x.png in Resources */ = {isa = PBXBuildFile; fileRef = 9FEC4DD115C298E7008B18D5 /* NotifyCheck@2x.png */; };
		9FEC4DD615C298E7008B18D5 /* NotifyX.png in Resources */ = {isa = PBXBuildFile; fileRef = 9FEC4DD215C298E7008B18D5 /* NotifyX.png */; };
		9FEC4DD715C298E7008B18D5 /* NotifyX@2x.png in Resources */ = {isa = PBXBuildFile; fileRef = 9FEC4DD315C298E7008B18D5 /* NotifyX@2x.png */; };
		9FEC4DDF15C2C1C5008B18D5 /* Security.framework in Frameworks */ = {isa = PBXBuildFile; fileRef = 9FEC4DDE15C2C1C5008B18D5 /* Security.framework */; };
		9FEC4DE115C2C1E7008B18D5 /* QuartzCore.framework in Frameworks */ = {isa = PBXBuildFile; fileRef = 9FEC4DE015C2C1E7008B18D5 /* QuartzCore.framework */; };
		9FEC4E0915C93F0D008B18D5 /* TSUnlockViewController.m in Sources */ = {isa = PBXBuildFile; fileRef = 9FEC4E0815C93F0D008B18D5 /* TSUnlockViewController.m */; };
		9FEC4E3E15CAA386008B18D5 /* TSListOfItems.m in Sources */ = {isa = PBXBuildFile; fileRef = 9FEC4E3D15CAA386008B18D5 /* TSListOfItems.m */; };
		9FEC4E4115CAA396008B18D5 /* TSItem.m in Sources */ = {isa = PBXBuildFile; fileRef = 9FEC4E4015CAA396008B18D5 /* TSItem.m */; };
		9FEC4E6215CABA1E008B18D5 /* XMLWriter.m in Sources */ = {isa = PBXBuildFile; fileRef = 9FEC4E6115CABA1E008B18D5 /* XMLWriter.m */; settings = {COMPILER_FLAGS = "-fno-objc-arc"; }; };
		9FF76E491601232600613DA1 /* TSDatabase.m in Sources */ = {isa = PBXBuildFile; fileRef = 9FF76E481601232500613DA1 /* TSDatabase.m */; };
		9FF76E4D16020A2600613DA1 /* TSDBItem.m in Sources */ = {isa = PBXBuildFile; fileRef = 9FF76E4C16020A2600613DA1 /* TSDBItem.m */; };
		9FF76E5016020A3D00613DA1 /* TSDBGroup.m in Sources */ = {isa = PBXBuildFile; fileRef = 9FF76E4F16020A3C00613DA1 /* TSDBGroup.m */; };
		9FF76E5316020C0D00613DA1 /* TSDBItemField.m in Sources */ = {isa = PBXBuildFile; fileRef = 9FF76E5216020C0C00613DA1 /* TSDBItemField.m */; };
		9FF76E65160388F300613DA1 /* TSXMLUtils.m in Sources */ = {isa = PBXBuildFile; fileRef = 9FF76E64160388F300613DA1 /* TSXMLUtils.m */; };
		9FF76E7A1608CD4100613DA1 /* TSIOUtils.m in Sources */ = {isa = PBXBuildFile; fileRef = 9FF76E791608CD3E00613DA1 /* TSIOUtils.m */; };
		9FF76E84160A160A00613DA1 /* TSNotifierUtils.m in Sources */ = {isa = PBXBuildFile; fileRef = 9FF76E83160A160700613DA1 /* TSNotifierUtils.m */; };
		9FF76E87160A5AC000613DA1 /* TSDropboxWrapper.m in Sources */ = {isa = PBXBuildFile; fileRef = 9FF76E86160A5ABD00613DA1 /* TSDropboxWrapper.m */; };
/* End PBXBuildFile section */

/* Begin PBXContainerItemProxy section */
		9F8ED48D15B98C6A00391EF8 /* PBXContainerItemProxy */ = {
			isa = PBXContainerItemProxy;
			containerPortal = 9F8ED45815B98C6900391EF8 /* Project object */;
			proxyType = 1;
			remoteGlobalIDString = 9F8ED46015B98C6A00391EF8;
			remoteInfo = TanukiSecrets;
		};
/* End PBXContainerItemProxy section */

/* Begin PBXFileReference section */
		9F026A1B160B76180097BED4 /* DropboxSDK.framework */ = {isa = PBXFileReference; lastKnownFileType = wrapper.framework; path = DropboxSDK.framework; sourceTree = "<group>"; };
		9F10A8A4164C1EAE0008ECD0 /* TSNewDatabaseSecuritySettingsTVC.h */ = {isa = PBXFileReference; fileEncoding = 4; lastKnownFileType = sourcecode.c.h; path = TSNewDatabaseSecuritySettingsTVC.h; sourceTree = "<group>"; };
		9F10A8A5164C1EAE0008ECD0 /* TSNewDatabaseSecuritySettingsTVC.m */ = {isa = PBXFileReference; fileEncoding = 4; lastKnownFileType = sourcecode.c.objc; path = TSNewDatabaseSecuritySettingsTVC.m; sourceTree = "<group>"; };
		9F1463B815FE342000EA03D6 /* TSSharedState.h */ = {isa = PBXFileReference; fileEncoding = 4; lastKnownFileType = sourcecode.c.h; path = TSSharedState.h; sourceTree = "<group>"; };
		9F1463B915FE342000EA03D6 /* TSSharedState.m */ = {isa = PBXFileReference; fileEncoding = 4; lastKnownFileType = sourcecode.c.objc; path = TSSharedState.m; sourceTree = "<group>"; };
		9F1463BC15FE41B600EA03D6 /* TSUserDefaults.h */ = {isa = PBXFileReference; fileEncoding = 4; lastKnownFileType = sourcecode.c.h; path = TSUserDefaults.h; sourceTree = "<group>"; };
		9F1463BD15FE41B600EA03D6 /* TSUserDefaults.m */ = {isa = PBXFileReference; fileEncoding = 4; lastKnownFileType = sourcecode.c.objc; path = TSUserDefaults.m; sourceTree = "<group>"; };
		9F1463BF15FE441F00EA03D6 /* TSConstants.h */ = {isa = PBXFileReference; fileEncoding = 4; lastKnownFileType = sourcecode.c.h; path = TSConstants.h; sourceTree = "<group>"; };
		9F1463CA15FF75FB00EA03D6 /* TSDatabaseMetadata.h */ = {isa = PBXFileReference; fileEncoding = 4; lastKnownFileType = sourcecode.c.h; path = TSDatabaseMetadata.h; sourceTree = "<group>"; };
		9F1463CB15FF75FB00EA03D6 /* TSDatabaseMetadata.m */ = {isa = PBXFileReference; fileEncoding = 4; lastKnownFileType = sourcecode.c.objc; path = TSDatabaseMetadata.m; sourceTree = "<group>"; };
		9F1463CD15FF7BEC00EA03D6 /* TSDateUtils.h */ = {isa = PBXFileReference; fileEncoding = 4; lastKnownFileType = sourcecode.c.h; path = TSDateUtils.h; sourceTree = "<group>"; };
		9F1463CE15FF7BEC00EA03D6 /* TSDateUtils.m */ = {isa = PBXFileReference; fileEncoding = 4; lastKnownFileType = sourcecode.c.objc; path = TSDateUtils.m; sourceTree = "<group>"; };
		9F1463D015FF820400EA03D6 /* TSDeviceUtils.h */ = {isa = PBXFileReference; fileEncoding = 4; lastKnownFileType = sourcecode.c.h; path = TSDeviceUtils.h; sourceTree = "<group>"; };
		9F1463D115FF820400EA03D6 /* TSDeviceUtils.m */ = {isa = PBXFileReference; fileEncoding = 4; lastKnownFileType = sourcecode.c.objc; path = TSDeviceUtils.m; sourceTree = "<group>"; };
		9F1463D31600B6DD00EA03D6 /* TSDatabaseLock.h */ = {isa = PBXFileReference; fileEncoding = 4; lastKnownFileType = sourcecode.c.h; path = TSDatabaseLock.h; sourceTree = "<group>"; };
		9F1463D41600B6DD00EA03D6 /* TSDatabaseLock.m */ = {isa = PBXFileReference; fileEncoding = 4; lastKnownFileType = sourcecode.c.objc; path = TSDatabaseLock.m; sourceTree = "<group>"; };
		9F1463D61600D3AA00EA03D6 /* TSVersion.h */ = {isa = PBXFileReference; fileEncoding = 4; lastKnownFileType = sourcecode.c.h; path = TSVersion.h; sourceTree = "<group>"; };
		9F1463D71600D3AA00EA03D6 /* TSVersion.m */ = {isa = PBXFileReference; fileEncoding = 4; lastKnownFileType = sourcecode.c.objc; path = TSVersion.m; sourceTree = "<group>"; };
		9F1463D91600D49400EA03D6 /* TSLocalMetadata.h */ = {isa = PBXFileReference; fileEncoding = 4; lastKnownFileType = sourcecode.c.h; path = TSLocalMetadata.h; sourceTree = "<group>"; };
		9F1463DA1600D49400EA03D6 /* TSLocalMetadata.m */ = {isa = PBXFileReference; fileEncoding = 4; lastKnownFileType = sourcecode.c.objc; path = TSLocalMetadata.m; sourceTree = "<group>"; };
		9F1463DF1600DF7A00EA03D6 /* TSAuthor.h */ = {isa = PBXFileReference; fileEncoding = 4; lastKnownFileType = sourcecode.c.h; path = TSAuthor.h; sourceTree = "<group>"; };
		9F1463E01600DF7A00EA03D6 /* TSAuthor.m */ = {isa = PBXFileReference; fileEncoding = 4; lastKnownFileType = sourcecode.c.objc; path = TSAuthor.m; sourceTree = "<group>"; };
		9F17067B164E7E89005BA586 /* Default-568h@2x.png */ = {isa = PBXFileReference; lastKnownFileType = image.png; path = "Default-568h@2x.png"; sourceTree = "<group>"; };
		9F17067C164E7E89005BA586 /* Default.png */ = {isa = PBXFileReference; lastKnownFileType = image.png; path = Default.png; sourceTree = "<group>"; };
		9F17067D164E7E89005BA586 /* Default@2x.png */ = {isa = PBXFileReference; lastKnownFileType = image.png; path = "Default@2x.png"; sourceTree = "<group>"; };
		9F32125F163EE07700123E72 /* TSUnlockDatabaseViewController.h */ = {isa = PBXFileReference; fileEncoding = 4; lastKnownFileType = sourcecode.c.h; path = TSUnlockDatabaseViewController.h; sourceTree = "<group>"; };
		9F321260163EE07700123E72 /* TSUnlockDatabaseViewController.m */ = {isa = PBXFileReference; fileEncoding = 4; lastKnownFileType = sourcecode.c.objc; path = TSUnlockDatabaseViewController.m; sourceTree = "<group>"; };
		9F321266163EF4FB00123E72 /* OpenDatabaseStoryboard_iPhone.storyboard */ = {isa = PBXFileReference; fileEncoding = 4; lastKnownFileType = file.storyboard; path = OpenDatabaseStoryboard_iPhone.storyboard; sourceTree = "<group>"; };
		9F3215F7163F0E7800123E72 /* settings_small.png */ = {isa = PBXFileReference; lastKnownFileType = image.png; path = settings_small.png; sourceTree = "<group>"; };
		9F3215F8163F0E7800123E72 /* settings_small@2x.png */ = {isa = PBXFileReference; lastKnownFileType = image.png; path = "settings_small@2x.png"; sourceTree = "<group>"; };
		9F3215F9163F0E7800123E72 /* settings.png */ = {isa = PBXFileReference; lastKnownFileType = image.png; path = settings.png; sourceTree = "<group>"; };
		9F3215FA163F0E7800123E72 /* settings@2x.png */ = {isa = PBXFileReference; lastKnownFileType = image.png; path = "settings@2x.png"; sourceTree = "<group>"; };
		9F3215FB163F0E7800123E72 /* sync.png */ = {isa = PBXFileReference; lastKnownFileType = image.png; path = sync.png; sourceTree = "<group>"; };
		9F3215FC163F0E7800123E72 /* sync@2x.png */ = {isa = PBXFileReference; lastKnownFileType = image.png; path = "sync@2x.png"; sourceTree = "<group>"; };
		9F321604163F10DC00123E72 /* TSTabBarController.h */ = {isa = PBXFileReference; fileEncoding = 4; lastKnownFileType = sourcecode.c.h; path = TSTabBarController.h; sourceTree = "<group>"; };
		9F321605163F10DC00123E72 /* TSTabBarController.m */ = {isa = PBXFileReference; fileEncoding = 4; lastKnownFileType = sourcecode.c.objc; path = TSTabBarController.m; sourceTree = "<group>"; };
		9F321607163F126E00123E72 /* lock.png */ = {isa = PBXFileReference; lastKnownFileType = image.png; path = lock.png; sourceTree = "<group>"; };
		9F321608163F126E00123E72 /* lock@2x.png */ = {isa = PBXFileReference; lastKnownFileType = image.png; path = "lock@2x.png"; sourceTree = "<group>"; };
		9F32160F16404D4800123E72 /* info.png */ = {isa = PBXFileReference; lastKnownFileType = image.png; path = info.png; sourceTree = "<group>"; };
		9F32161016404D4800123E72 /* info@2x.png */ = {isa = PBXFileReference; lastKnownFileType = image.png; path = "info@2x.png"; sourceTree = "<group>"; };
		9F32161416404DA000123E72 /* info_small.png */ = {isa = PBXFileReference; lastKnownFileType = image.png; path = info_small.png; sourceTree = "<group>"; };
		9F32161516404DA000123E72 /* info_small@2x.png */ = {isa = PBXFileReference; lastKnownFileType = image.png; path = "info_small@2x.png"; sourceTree = "<group>"; };
		9F32161B164054FB00123E72 /* TSInfoViewController.h */ = {isa = PBXFileReference; fileEncoding = 4; lastKnownFileType = sourcecode.c.h; path = TSInfoViewController.h; sourceTree = "<group>"; };
		9F32161C164054FC00123E72 /* TSInfoViewController.m */ = {isa = PBXFileReference; fileEncoding = 4; lastKnownFileType = sourcecode.c.objc; path = TSInfoViewController.m; sourceTree = "<group>"; };
		9F3216261642A74100123E72 /* browse.png */ = {isa = PBXFileReference; lastKnownFileType = image.png; path = browse.png; sourceTree = "<group>"; };
		9F3216271642A74200123E72 /* browse@2x.png */ = {isa = PBXFileReference; lastKnownFileType = image.png; path = "browse@2x.png"; sourceTree = "<group>"; };
		9F32162B1642AB7800123E72 /* TSDBGroupViewController.h */ = {isa = PBXFileReference; fileEncoding = 4; lastKnownFileType = sourcecode.c.h; path = TSDBGroupViewController.h; sourceTree = "<group>"; };
		9F32162C1642AB7800123E72 /* TSDBGroupViewController.m */ = {isa = PBXFileReference; fileEncoding = 4; lastKnownFileType = sourcecode.c.objc; path = TSDBGroupViewController.m; sourceTree = "<group>"; };
		9F492031165181B900B80E0A /* folder.png */ = {isa = PBXFileReference; lastKnownFileType = image.png; path = folder.png; sourceTree = "<group>"; };
		9F492032165181B900B80E0A /* folder@2x.png */ = {isa = PBXFileReference; lastKnownFileType = image.png; path = "folder@2x.png"; sourceTree = "<group>"; };
		9F492035165184BB00B80E0A /* file.png */ = {isa = PBXFileReference; lastKnownFileType = image.png; path = file.png; sourceTree = "<group>"; };
		9F492036165184BB00B80E0A /* file@2x.png */ = {isa = PBXFileReference; lastKnownFileType = image.png; path = "file@2x.png"; sourceTree = "<group>"; };
		9F492037165184BB00B80E0A /* fileClipboard.png */ = {isa = PBXFileReference; lastKnownFileType = image.png; path = fileClipboard.png; sourceTree = "<group>"; };
		9F492038165184BB00B80E0A /* fileClipboard@2x.png */ = {isa = PBXFileReference; lastKnownFileType = image.png; path = "fileClipboard@2x.png"; sourceTree = "<group>"; };
		9F4920461652D05A00B80E0A /* TSModalDialogDismissingTableViewController.h */ = {isa = PBXFileReference; fileEncoding = 4; lastKnownFileType = sourcecode.c.h; path = TSModalDialogDismissingTableViewController.h; sourceTree = "<group>"; };
		9F4920471652D05A00B80E0A /* TSModalDialogDismissingTableViewController.m */ = {isa = PBXFileReference; fileEncoding = 4; lastKnownFileType = sourcecode.c.objc; path = TSModalDialogDismissingTableViewController.m; sourceTree = "<group>"; };
		9F49204A1652D7B800B80E0A /* TSNewGroupViewController.h */ = {isa = PBXFileReference; fileEncoding = 4; lastKnownFileType = sourcecode.c.h; path = TSNewGroupViewController.h; sourceTree = "<group>"; };
		9F49204B1652D7B800B80E0A /* TSNewGroupViewController.m */ = {isa = PBXFileReference; fileEncoding = 4; lastKnownFileType = sourcecode.c.objc; path = TSNewGroupViewController.m; sourceTree = "<group>"; };
		9F492051165557D000B80E0A /* TSNewItemChooseNameTVC.h */ = {isa = PBXFileReference; fileEncoding = 4; lastKnownFileType = sourcecode.c.h; path = TSNewItemChooseNameTVC.h; sourceTree = "<group>"; };
		9F492052165557D000B80E0A /* TSNewItemChooseNameTVC.m */ = {isa = PBXFileReference; fileEncoding = 4; lastKnownFileType = sourcecode.c.objc; path = TSNewItemChooseNameTVC.m; sourceTree = "<group>"; };
		9F492055165560AB00B80E0A /* TSNewItemChooseTypeTVC.h */ = {isa = PBXFileReference; fileEncoding = 4; lastKnownFileType = sourcecode.c.h; path = TSNewItemChooseTypeTVC.h; sourceTree = "<group>"; };
		9F492056165560AB00B80E0A /* TSNewItemChooseTypeTVC.m */ = {isa = PBXFileReference; fileEncoding = 4; lastKnownFileType = sourcecode.c.objc; path = TSNewItemChooseTypeTVC.m; sourceTree = "<group>"; };
		9F49205C1656B8B500B80E0A /* globe.png */ = {isa = PBXFileReference; lastKnownFileType = image.png; path = globe.png; sourceTree = "<group>"; };
		9F49205D1656B8B500B80E0A /* globe@2x.png */ = {isa = PBXFileReference; lastKnownFileType = image.png; path = "globe@2x.png"; sourceTree = "<group>"; };
		9F4920611656C4E400B80E0A /* TSDBItemViewController.h */ = {isa = PBXFileReference; fileEncoding = 4; lastKnownFileType = sourcecode.c.h; path = TSDBItemViewController.h; sourceTree = "<group>"; };
		9F4920621656C4E500B80E0A /* TSDBItemViewController.m */ = {isa = PBXFileReference; fileEncoding = 4; lastKnownFileType = sourcecode.c.objc; path = TSDBItemViewController.m; sourceTree = "<group>"; };
		9F49207E165D4D6200B80E0A /* DateInputTableViewCell.h */ = {isa = PBXFileReference; fileEncoding = 4; lastKnownFileType = sourcecode.c.h; path = DateInputTableViewCell.h; sourceTree = "<group>"; };
		9F49207F165D4D6200B80E0A /* DateInputTableViewCell.m */ = {isa = PBXFileReference; fileEncoding = 4; lastKnownFileType = sourcecode.c.objc; path = DateInputTableViewCell.m; sourceTree = "<group>"; };
		9F492080165D4D6200B80E0A /* StringInputTableViewCell.h */ = {isa = PBXFileReference; fileEncoding = 4; lastKnownFileType = sourcecode.c.h; path = StringInputTableViewCell.h; sourceTree = "<group>"; };
		9F492081165D4D6200B80E0A /* StringInputTableViewCell.m */ = {isa = PBXFileReference; fileEncoding = 4; lastKnownFileType = sourcecode.c.objc; path = StringInputTableViewCell.m; sourceTree = "<group>"; };
		9F492082165D4D6200B80E0A /* IntegerInputTableViewCell.h */ = {isa = PBXFileReference; fileEncoding = 4; lastKnownFileType = sourcecode.c.h; path = IntegerInputTableViewCell.h; sourceTree = "<group>"; };
		9F492083165D4D6200B80E0A /* IntegerInputTableViewCell.m */ = {isa = PBXFileReference; fileEncoding = 4; lastKnownFileType = sourcecode.c.objc; path = IntegerInputTableViewCell.m; sourceTree = "<group>"; };
		9F492084165D4D6200B80E0A /* PickerInputTableViewCell.h */ = {isa = PBXFileReference; fileEncoding = 4; lastKnownFileType = sourcecode.c.h; path = PickerInputTableViewCell.h; sourceTree = "<group>"; };
		9F492085165D4D6200B80E0A /* PickerInputTableViewCell.m */ = {isa = PBXFileReference; fileEncoding = 4; lastKnownFileType = sourcecode.c.objc; path = PickerInputTableViewCell.m; sourceTree = "<group>"; };
		9F49209F166110FA00B80E0A /* SimplePickerInputTableViewCell.h */ = {isa = PBXFileReference; fileEncoding = 4; lastKnownFileType = sourcecode.c.h; path = SimplePickerInputTableViewCell.h; sourceTree = "<group>"; };
		9F4920A0166110FB00B80E0A /* SimplePickerInputTableViewCell.m */ = {isa = PBXFileReference; fileEncoding = 4; lastKnownFileType = sourcecode.c.objc; path = SimplePickerInputTableViewCell.m; sourceTree = "<group>"; };
		9F5459E61649634B0011F6FC /* TSSelectiveTapCallbackTableViewController.h */ = {isa = PBXFileReference; fileEncoding = 4; lastKnownFileType = sourcecode.c.h; path = TSSelectiveTapCallbackTableViewController.h; sourceTree = "<group>"; };
		9F5459E71649634B0011F6FC /* TSSelectiveTapCallbackTableViewController.m */ = {isa = PBXFileReference; fileEncoding = 4; lastKnownFileType = sourcecode.c.objc; path = TSSelectiveTapCallbackTableViewController.m; sourceTree = "<group>"; };
		9F5459EA1649645D0011F6FC /* TSNewDatabaseChooseNameTVC.h */ = {isa = PBXFileReference; fileEncoding = 4; lastKnownFileType = sourcecode.c.h; path = TSNewDatabaseChooseNameTVC.h; sourceTree = "<group>"; };
		9F5459EB1649645D0011F6FC /* TSNewDatabaseChooseNameTVC.m */ = {isa = PBXFileReference; fileEncoding = 4; lastKnownFileType = sourcecode.c.objc; path = TSNewDatabaseChooseNameTVC.m; sourceTree = "<group>"; };
		9F57C20816146E420085703E /* TSBackupUtils.h */ = {isa = PBXFileReference; fileEncoding = 4; lastKnownFileType = sourcecode.c.h; path = TSBackupUtils.h; sourceTree = "<group>"; };
		9F57C20916146E420085703E /* TSBackupUtils.m */ = {isa = PBXFileReference; fileEncoding = 4; lastKnownFileType = sourcecode.c.objc; path = TSBackupUtils.m; sourceTree = "<group>"; };
		9F57C20C1617343C0085703E /* TSUtils.h */ = {isa = PBXFileReference; fileEncoding = 4; lastKnownFileType = sourcecode.c.h; path = TSUtils.h; sourceTree = "<group>"; };
		9F57C20D1617343E0085703E /* TSUtils.m */ = {isa = PBXFileReference; fileEncoding = 4; lastKnownFileType = sourcecode.c.objc; path = TSUtils.m; sourceTree = "<group>"; };
		9F8E0367162837B60040662C /* TSDbStatusViewController.h */ = {isa = PBXFileReference; fileEncoding = 4; lastKnownFileType = sourcecode.c.h; path = TSDbStatusViewController.h; sourceTree = "<group>"; };
		9F8E0368162837B60040662C /* TSDbStatusViewController.m */ = {isa = PBXFileReference; fileEncoding = 4; lastKnownFileType = sourcecode.c.objc; lineEnding = 0; path = TSDbStatusViewController.m; sourceTree = "<group>"; xcLanguageSpecificationIdentifier = xcode.lang.objc; };
		9F8ED46115B98C6A00391EF8 /* TanukiSecrets.app */ = {isa = PBXFileReference; explicitFileType = wrapper.application; includeInIndex = 0; path = TanukiSecrets.app; sourceTree = BUILT_PRODUCTS_DIR; };
		9F8ED46515B98C6A00391EF8 /* UIKit.framework */ = {isa = PBXFileReference; lastKnownFileType = wrapper.framework; name = UIKit.framework; path = System/Library/Frameworks/UIKit.framework; sourceTree = SDKROOT; };
		9F8ED46715B98C6A00391EF8 /* Foundation.framework */ = {isa = PBXFileReference; lastKnownFileType = wrapper.framework; name = Foundation.framework; path = System/Library/Frameworks/Foundation.framework; sourceTree = SDKROOT; };
		9F8ED46915B98C6A00391EF8 /* CoreGraphics.framework */ = {isa = PBXFileReference; lastKnownFileType = wrapper.framework; name = CoreGraphics.framework; path = System/Library/Frameworks/CoreGraphics.framework; sourceTree = SDKROOT; };
		9F8ED46D15B98C6A00391EF8 /* TanukiSecrets-Info.plist */ = {isa = PBXFileReference; lastKnownFileType = text.plist.xml; path = "TanukiSecrets-Info.plist"; sourceTree = "<group>"; };
		9F8ED46F15B98C6A00391EF8 /* en */ = {isa = PBXFileReference; lastKnownFileType = text.plist.strings; name = en; path = en.lproj/InfoPlist.strings; sourceTree = "<group>"; };
		9F8ED47115B98C6A00391EF8 /* main.m */ = {isa = PBXFileReference; lastKnownFileType = sourcecode.c.objc; path = main.m; sourceTree = "<group>"; };
		9F8ED47315B98C6A00391EF8 /* TanukiSecrets-Prefix.pch */ = {isa = PBXFileReference; lastKnownFileType = sourcecode.c.h; path = "TanukiSecrets-Prefix.pch"; sourceTree = "<group>"; };
		9F8ED47415B98C6A00391EF8 /* TSAppDelegate.h */ = {isa = PBXFileReference; lastKnownFileType = sourcecode.c.h; path = TSAppDelegate.h; sourceTree = "<group>"; };
		9F8ED47515B98C6A00391EF8 /* TSAppDelegate.m */ = {isa = PBXFileReference; lastKnownFileType = sourcecode.c.objc; path = TSAppDelegate.m; sourceTree = "<group>"; };
		9F8ED47815B98C6A00391EF8 /* en */ = {isa = PBXFileReference; lastKnownFileType = file.storyboard; name = en; path = en.lproj/MainStoryboard_iPhone.storyboard; sourceTree = "<group>"; };
		9F8ED47B15B98C6A00391EF8 /* en */ = {isa = PBXFileReference; lastKnownFileType = file.storyboard; name = en; path = en.lproj/MainStoryboard_iPad.storyboard; sourceTree = "<group>"; };
		9F8ED48815B98C6A00391EF8 /* TanukiSecretsTests.octest */ = {isa = PBXFileReference; explicitFileType = wrapper.cfbundle; includeInIndex = 0; path = TanukiSecretsTests.octest; sourceTree = BUILT_PRODUCTS_DIR; };
		9F8ED48915B98C6A00391EF8 /* SenTestingKit.framework */ = {isa = PBXFileReference; lastKnownFileType = wrapper.framework; name = SenTestingKit.framework; path = Library/Frameworks/SenTestingKit.framework; sourceTree = DEVELOPER_DIR; };
		9F8ED49115B98C6A00391EF8 /* TanukiSecretsTests-Info.plist */ = {isa = PBXFileReference; lastKnownFileType = text.plist.xml; path = "TanukiSecretsTests-Info.plist"; sourceTree = "<group>"; };
		9F8ED49315B98C6A00391EF8 /* en */ = {isa = PBXFileReference; lastKnownFileType = text.plist.strings; name = en; path = en.lproj/InfoPlist.strings; sourceTree = "<group>"; };
		9F8ED49515B98C6A00391EF8 /* TanukiSecretsTests.h */ = {isa = PBXFileReference; lastKnownFileType = sourcecode.c.h; path = TanukiSecretsTests.h; sourceTree = "<group>"; };
		9F8ED49615B98C6A00391EF8 /* TanukiSecretsTests.m */ = {isa = PBXFileReference; lastKnownFileType = sourcecode.c.objc; path = TanukiSecretsTests.m; sourceTree = "<group>"; };
		9F8ED4B215B9A0EB00391EF8 /* TSFilesystemTableViewController.h */ = {isa = PBXFileReference; fileEncoding = 4; lastKnownFileType = sourcecode.c.h; path = TSFilesystemTableViewController.h; sourceTree = "<group>"; };
		9F8ED4B315B9A0EB00391EF8 /* TSFilesystemTableViewController.m */ = {isa = PBXFileReference; fileEncoding = 4; lastKnownFileType = sourcecode.c.objc; path = TSFilesystemTableViewController.m; sourceTree = "<group>"; };
		9F967744162055AE00C9182D /* TSiCloudWrapper.h */ = {isa = PBXFileReference; fileEncoding = 4; lastKnownFileType = sourcecode.c.h; path = TSiCloudWrapper.h; sourceTree = "<group>"; };
		9F967745162055AE00C9182D /* TSiCloudWrapper.m */ = {isa = PBXFileReference; fileEncoding = 4; lastKnownFileType = sourcecode.c.objc; lineEnding = 0; path = TSiCloudWrapper.m; sourceTree = "<group>"; xcLanguageSpecificationIdentifier = xcode.lang.objc; };
		9F96775C162096C700C9182D /* TSUIDocument.h */ = {isa = PBXFileReference; fileEncoding = 4; lastKnownFileType = sourcecode.c.h; path = TSUIDocument.h; sourceTree = "<group>"; };
		9F96775D162096C700C9182D /* TSUIDocument.m */ = {isa = PBXFileReference; fileEncoding = 4; lastKnownFileType = sourcecode.c.objc; path = TSUIDocument.m; sourceTree = "<group>"; };
		9F98D40C15F0CAB9001A2C82 /* TSCryptoUtils.h */ = {isa = PBXFileReference; fileEncoding = 4; lastKnownFileType = sourcecode.c.h; path = TSCryptoUtils.h; sourceTree = "<group>"; };
		9F98D40D15F0CAB9001A2C82 /* TSCryptoUtils.m */ = {isa = PBXFileReference; fileEncoding = 4; lastKnownFileType = sourcecode.c.objc; path = TSCryptoUtils.m; sourceTree = "<group>"; };
		9F98D40F15F0CCB3001A2C82 /* TSStringUtils.h */ = {isa = PBXFileReference; fileEncoding = 4; lastKnownFileType = sourcecode.c.h; path = TSStringUtils.h; sourceTree = "<group>"; };
		9F98D41015F0CCB3001A2C82 /* TSStringUtils.m */ = {isa = PBXFileReference; fileEncoding = 4; lastKnownFileType = sourcecode.c.objc; path = TSStringUtils.m; sourceTree = "<group>"; };
		9F9C94171661547C00F85CEB /* TSEditItemTVC.h */ = {isa = PBXFileReference; fileEncoding = 4; lastKnownFileType = sourcecode.c.h; path = TSEditItemTVC.h; sourceTree = "<group>"; };
		9F9C94181661547C00F85CEB /* TSEditItemTVC.m */ = {isa = PBXFileReference; fileEncoding = 4; lastKnownFileType = sourcecode.c.objc; path = TSEditItemTVC.m; sourceTree = "<group>"; };
		9F9D868C15CBFDF60066BC04 /* SMXMLDocument.h */ = {isa = PBXFileReference; fileEncoding = 4; lastKnownFileType = sourcecode.c.h; path = SMXMLDocument.h; sourceTree = "<group>"; };
		9F9D868D15CBFDF60066BC04 /* SMXMLDocument.m */ = {isa = PBXFileReference; fileEncoding = 4; lastKnownFileType = sourcecode.c.objc; path = SMXMLDocument.m; sourceTree = "<group>"; };
		9F9D869015CC14CA0066BC04 /* Sandbox.storyboard */ = {isa = PBXFileReference; fileEncoding = 4; lastKnownFileType = file.storyboard; path = Sandbox.storyboard; sourceTree = "<group>"; };
		9FC16203161F081700094E43 /* TSDatabaseWrapper.h */ = {isa = PBXFileReference; fileEncoding = 4; lastKnownFileType = sourcecode.c.h; path = TSDatabaseWrapper.h; sourceTree = "<group>"; };
		9FC16204161F081700094E43 /* TSDatabaseWrapper.m */ = {isa = PBXFileReference; fileEncoding = 4; lastKnownFileType = sourcecode.c.objc; path = TSDatabaseWrapper.m; sourceTree = "<group>"; };
		9FC16206161F243300094E43 /* TSRemoteStorage.h */ = {isa = PBXFileReference; fileEncoding = 4; lastKnownFileType = sourcecode.c.h; path = TSRemoteStorage.h; sourceTree = "<group>"; };
		9FC25B1816652263000850BE /* TSEditFieldTVC.h */ = {isa = PBXFileReference; fileEncoding = 4; lastKnownFileType = sourcecode.c.h; path = TSEditFieldTVC.h; sourceTree = "<group>"; };
		9FC25B1916652263000850BE /* TSEditFieldTVC.m */ = {isa = PBXFileReference; fileEncoding = 4; lastKnownFileType = sourcecode.c.objc; path = TSEditFieldTVC.m; sourceTree = "<group>"; };
		9FC25B1C1665456E000850BE /* d20.png */ = {isa = PBXFileReference; lastKnownFileType = image.png; path = d20.png; sourceTree = "<group>"; };
		9FC25B1D1665456E000850BE /* d20@2x.png */ = {isa = PBXFileReference; lastKnownFileType = image.png; path = "d20@2x.png"; sourceTree = "<group>"; };
		9FCE97BB1631A288003FE67F /* TSLocalDatabasesViewController.h */ = {isa = PBXFileReference; fileEncoding = 4; lastKnownFileType = sourcecode.c.h; path = TSLocalDatabasesViewController.h; sourceTree = "<group>"; };
		9FCE97BC1631A288003FE67F /* TSLocalDatabasesViewController.m */ = {isa = PBXFileReference; fileEncoding = 4; lastKnownFileType = sourcecode.c.objc; lineEnding = 0; path = TSLocalDatabasesViewController.m; sourceTree = "<group>"; xcLanguageSpecificationIdentifier = xcode.lang.objc; };
		9FCE97C41631BD2E003FE67F /* TSChooseCreationMethodViewController.h */ = {isa = PBXFileReference; fileEncoding = 4; lastKnownFileType = sourcecode.c.h; path = TSChooseCreationMethodViewController.h; sourceTree = "<group>"; };
		9FCE97C51631BD2E003FE67F /* TSChooseCreationMethodViewController.m */ = {isa = PBXFileReference; fileEncoding = 4; lastKnownFileType = sourcecode.c.objc; lineEnding = 0; path = TSChooseCreationMethodViewController.m; sourceTree = "<group>"; xcLanguageSpecificationIdentifier = xcode.lang.objc; };
		9FCE97C71635B2E5003FE67F /* TSRemoteDatabasesViewController.h */ = {isa = PBXFileReference; fileEncoding = 4; lastKnownFileType = sourcecode.c.h; path = TSRemoteDatabasesViewController.h; sourceTree = "<group>"; };
		9FCE97C81635B2E5003FE67F /* TSRemoteDatabasesViewController.m */ = {isa = PBXFileReference; fileEncoding = 4; lastKnownFileType = sourcecode.c.objc; path = TSRemoteDatabasesViewController.m; sourceTree = "<group>"; };
		9FCE97CA1635C14A003FE67F /* TSCreateDatabaseFromDropboxViewController.h */ = {isa = PBXFileReference; fileEncoding = 4; lastKnownFileType = sourcecode.c.h; path = TSCreateDatabaseFromDropboxViewController.h; sourceTree = "<group>"; };
		9FCE97CB1635C14A003FE67F /* TSCreateDatabaseFromDropboxViewController.m */ = {isa = PBXFileReference; fileEncoding = 4; lastKnownFileType = sourcecode.c.objc; path = TSCreateDatabaseFromDropboxViewController.m; sourceTree = "<group>"; };
		9FCE97CD1635D23C003FE67F /* TSLinkWithDropboxViewController.h */ = {isa = PBXFileReference; fileEncoding = 4; lastKnownFileType = sourcecode.c.h; path = TSLinkWithDropboxViewController.h; sourceTree = "<group>"; };
		9FCE97CE1635D23D003FE67F /* TSLinkWithDropboxViewController.m */ = {isa = PBXFileReference; fileEncoding = 4; lastKnownFileType = sourcecode.c.objc; path = TSLinkWithDropboxViewController.m; sourceTree = "<group>"; };
		9FCE97D51636D132003FE67F /* TSCreateDatabaseFromICloudViewController.h */ = {isa = PBXFileReference; fileEncoding = 4; lastKnownFileType = sourcecode.c.h; path = TSCreateDatabaseFromICloudViewController.h; sourceTree = "<group>"; };
		9FCE97D61636D133003FE67F /* TSCreateDatabaseFromICloudViewController.m */ = {isa = PBXFileReference; fileEncoding = 4; lastKnownFileType = sourcecode.c.objc; path = TSCreateDatabaseFromICloudViewController.m; sourceTree = "<group>"; };
		9FCE97EC16396029003FE67F /* TSNewDatabaseChooseNameVC.h */ = {isa = PBXFileReference; fileEncoding = 4; lastKnownFileType = sourcecode.c.h; path = TSNewDatabaseChooseNameVC.h; sourceTree = "<group>"; };
		9FCE97ED1639602A003FE67F /* TSNewDatabaseChooseNameVC.m */ = {isa = PBXFileReference; fileEncoding = 4; lastKnownFileType = sourcecode.c.objc; path = TSNewDatabaseChooseNameVC.m; sourceTree = "<group>"; };
		9FCE97FB163A7217003FE67F /* TSNewDatabaseSecuritySettingsVC.h */ = {isa = PBXFileReference; fileEncoding = 4; lastKnownFileType = sourcecode.c.h; path = TSNewDatabaseSecuritySettingsVC.h; sourceTree = "<group>"; };
		9FCE97FC163A7219003FE67F /* TSNewDatabaseSecuritySettingsVC.m */ = {isa = PBXFileReference; fileEncoding = 4; lastKnownFileType = sourcecode.c.objc; path = TSNewDatabaseSecuritySettingsVC.m; sourceTree = "<group>"; };
		9FCE97FE163A7342003FE67F /* TSKeyboardDismissingViewController.h */ = {isa = PBXFileReference; fileEncoding = 4; lastKnownFileType = sourcecode.c.h; path = TSKeyboardDismissingViewController.h; sourceTree = "<group>"; };
		9FCE97FF163A7346003FE67F /* TSKeyboardDismissingViewController.m */ = {isa = PBXFileReference; fileEncoding = 4; lastKnownFileType = sourcecode.c.objc; path = TSKeyboardDismissingViewController.m; sourceTree = "<group>"; };
		9FEC4DC515C18107008B18D5 /* TanukiSecrets.entitlements */ = {isa = PBXFileReference; lastKnownFileType = text.xml; path = TanukiSecrets.entitlements; sourceTree = "<group>"; };
		9FEC4DCD15C29894008B18D5 /* JSNotifier.h */ = {isa = PBXFileReference; fileEncoding = 4; lastKnownFileType = sourcecode.c.h; path = JSNotifier.h; sourceTree = "<group>"; };
		9FEC4DCE15C29894008B18D5 /* JSNotifier.m */ = {isa = PBXFileReference; fileEncoding = 4; lastKnownFileType = sourcecode.c.objc; path = JSNotifier.m; sourceTree = "<group>"; };
		9FEC4DD015C298E7008B18D5 /* NotifyCheck.png */ = {isa = PBXFileReference; lastKnownFileType = image.png; path = NotifyCheck.png; sourceTree = "<group>"; };
		9FEC4DD115C298E7008B18D5 /* NotifyCheck@2x.png */ = {isa = PBXFileReference; lastKnownFileType = image.png; path = "NotifyCheck@2x.png"; sourceTree = "<group>"; };
		9FEC4DD215C298E7008B18D5 /* NotifyX.png */ = {isa = PBXFileReference; lastKnownFileType = image.png; path = NotifyX.png; sourceTree = "<group>"; };
		9FEC4DD315C298E7008B18D5 /* NotifyX@2x.png */ = {isa = PBXFileReference; lastKnownFileType = image.png; path = "NotifyX@2x.png"; sourceTree = "<group>"; };
		9FEC4DDE15C2C1C5008B18D5 /* Security.framework */ = {isa = PBXFileReference; lastKnownFileType = wrapper.framework; name = Security.framework; path = System/Library/Frameworks/Security.framework; sourceTree = SDKROOT; };
		9FEC4DE015C2C1E7008B18D5 /* QuartzCore.framework */ = {isa = PBXFileReference; lastKnownFileType = wrapper.framework; name = QuartzCore.framework; path = System/Library/Frameworks/QuartzCore.framework; sourceTree = SDKROOT; };
		9FEC4DE215C2C43C008B18D5 /* secrets.h */ = {isa = PBXFileReference; fileEncoding = 4; lastKnownFileType = sourcecode.c.h; path = secrets.h; sourceTree = "<group>"; };
		9FEC4E0715C93F0D008B18D5 /* TSUnlockViewController.h */ = {isa = PBXFileReference; fileEncoding = 4; lastKnownFileType = sourcecode.c.h; path = TSUnlockViewController.h; sourceTree = "<group>"; };
		9FEC4E0815C93F0D008B18D5 /* TSUnlockViewController.m */ = {isa = PBXFileReference; fileEncoding = 4; lastKnownFileType = sourcecode.c.objc; path = TSUnlockViewController.m; sourceTree = "<group>"; };
		9FEC4E3C15CAA386008B18D5 /* TSListOfItems.h */ = {isa = PBXFileReference; fileEncoding = 4; lastKnownFileType = sourcecode.c.h; path = TSListOfItems.h; sourceTree = "<group>"; };
		9FEC4E3D15CAA386008B18D5 /* TSListOfItems.m */ = {isa = PBXFileReference; fileEncoding = 4; lastKnownFileType = sourcecode.c.objc; path = TSListOfItems.m; sourceTree = "<group>"; };
		9FEC4E3F15CAA396008B18D5 /* TSItem.h */ = {isa = PBXFileReference; fileEncoding = 4; lastKnownFileType = sourcecode.c.h; path = TSItem.h; sourceTree = "<group>"; };
		9FEC4E4015CAA396008B18D5 /* TSItem.m */ = {isa = PBXFileReference; fileEncoding = 4; lastKnownFileType = sourcecode.c.objc; path = TSItem.m; sourceTree = "<group>"; };
		9FEC4E6015CABA1E008B18D5 /* XMLWriter.h */ = {isa = PBXFileReference; fileEncoding = 4; lastKnownFileType = sourcecode.c.h; path = XMLWriter.h; sourceTree = "<group>"; };
		9FEC4E6115CABA1E008B18D5 /* XMLWriter.m */ = {isa = PBXFileReference; fileEncoding = 4; lastKnownFileType = sourcecode.c.objc; path = XMLWriter.m; sourceTree = "<group>"; };
		9FEC4E6315CABC77008B18D5 /* TSXMLSerializable.h */ = {isa = PBXFileReference; fileEncoding = 4; lastKnownFileType = sourcecode.c.h; path = TSXMLSerializable.h; sourceTree = "<group>"; };
		9FF76E471601232500613DA1 /* TSDatabase.h */ = {isa = PBXFileReference; fileEncoding = 4; lastKnownFileType = sourcecode.c.h; path = TSDatabase.h; sourceTree = "<group>"; };
		9FF76E481601232500613DA1 /* TSDatabase.m */ = {isa = PBXFileReference; fileEncoding = 4; lastKnownFileType = sourcecode.c.objc; path = TSDatabase.m; sourceTree = "<group>"; };
		9FF76E4B16020A2600613DA1 /* TSDBItem.h */ = {isa = PBXFileReference; fileEncoding = 4; lastKnownFileType = sourcecode.c.h; path = TSDBItem.h; sourceTree = "<group>"; };
		9FF76E4C16020A2600613DA1 /* TSDBItem.m */ = {isa = PBXFileReference; fileEncoding = 4; lastKnownFileType = sourcecode.c.objc; path = TSDBItem.m; sourceTree = "<group>"; };
		9FF76E4E16020A3C00613DA1 /* TSDBGroup.h */ = {isa = PBXFileReference; fileEncoding = 4; lastKnownFileType = sourcecode.c.h; path = TSDBGroup.h; sourceTree = "<group>"; };
		9FF76E4F16020A3C00613DA1 /* TSDBGroup.m */ = {isa = PBXFileReference; fileEncoding = 4; lastKnownFileType = sourcecode.c.objc; path = TSDBGroup.m; sourceTree = "<group>"; };
		9FF76E5116020C0C00613DA1 /* TSDBItemField.h */ = {isa = PBXFileReference; fileEncoding = 4; lastKnownFileType = sourcecode.c.h; path = TSDBItemField.h; sourceTree = "<group>"; };
		9FF76E5216020C0C00613DA1 /* TSDBItemField.m */ = {isa = PBXFileReference; fileEncoding = 4; lastKnownFileType = sourcecode.c.objc; path = TSDBItemField.m; sourceTree = "<group>"; };
		9FF76E63160388F200613DA1 /* TSXMLUtils.h */ = {isa = PBXFileReference; fileEncoding = 4; lastKnownFileType = sourcecode.c.h; path = TSXMLUtils.h; sourceTree = "<group>"; };
		9FF76E64160388F300613DA1 /* TSXMLUtils.m */ = {isa = PBXFileReference; fileEncoding = 4; lastKnownFileType = sourcecode.c.objc; path = TSXMLUtils.m; sourceTree = "<group>"; };
		9FF76E781608CD3C00613DA1 /* TSIOUtils.h */ = {isa = PBXFileReference; fileEncoding = 4; lastKnownFileType = sourcecode.c.h; path = TSIOUtils.h; sourceTree = "<group>"; };
		9FF76E791608CD3E00613DA1 /* TSIOUtils.m */ = {isa = PBXFileReference; fileEncoding = 4; lastKnownFileType = sourcecode.c.objc; path = TSIOUtils.m; sourceTree = "<group>"; };
		9FF76E801609FA9C00613DA1 /* TSBinarySerializable.h */ = {isa = PBXFileReference; fileEncoding = 4; lastKnownFileType = sourcecode.c.h; path = TSBinarySerializable.h; sourceTree = "<group>"; };
		9FF76E82160A160300613DA1 /* TSNotifierUtils.h */ = {isa = PBXFileReference; fileEncoding = 4; lastKnownFileType = sourcecode.c.h; path = TSNotifierUtils.h; sourceTree = "<group>"; };
		9FF76E83160A160700613DA1 /* TSNotifierUtils.m */ = {isa = PBXFileReference; fileEncoding = 4; lastKnownFileType = sourcecode.c.objc; path = TSNotifierUtils.m; sourceTree = "<group>"; };
		9FF76E85160A5ABA00613DA1 /* TSDropboxWrapper.h */ = {isa = PBXFileReference; fileEncoding = 4; lastKnownFileType = sourcecode.c.h; path = TSDropboxWrapper.h; sourceTree = "<group>"; };
		9FF76E86160A5ABD00613DA1 /* TSDropboxWrapper.m */ = {isa = PBXFileReference; fileEncoding = 4; lastKnownFileType = sourcecode.c.objc; lineEnding = 0; path = TSDropboxWrapper.m; sourceTree = "<group>"; xcLanguageSpecificationIdentifier = xcode.lang.objc; };
/* End PBXFileReference section */

/* Begin PBXFrameworksBuildPhase section */
		9F8ED45E15B98C6A00391EF8 /* Frameworks */ = {
			isa = PBXFrameworksBuildPhase;
			buildActionMask = 2147483647;
			files = (
				9FEC4DE115C2C1E7008B18D5 /* QuartzCore.framework in Frameworks */,
				9FEC4DDF15C2C1C5008B18D5 /* Security.framework in Frameworks */,
				9F8ED46615B98C6A00391EF8 /* UIKit.framework in Frameworks */,
				9F8ED46815B98C6A00391EF8 /* Foundation.framework in Frameworks */,
				9F8ED46A15B98C6A00391EF8 /* CoreGraphics.framework in Frameworks */,
				9F026A1C160B76180097BED4 /* DropboxSDK.framework in Frameworks */,
			);
			runOnlyForDeploymentPostprocessing = 0;
		};
		9F8ED48415B98C6A00391EF8 /* Frameworks */ = {
			isa = PBXFrameworksBuildPhase;
			buildActionMask = 2147483647;
			files = (
				9F8ED48A15B98C6A00391EF8 /* SenTestingKit.framework in Frameworks */,
				9F8ED48B15B98C6A00391EF8 /* UIKit.framework in Frameworks */,
				9F8ED48C15B98C6A00391EF8 /* Foundation.framework in Frameworks */,
			);
			runOnlyForDeploymentPostprocessing = 0;
		};
/* End PBXFrameworksBuildPhase section */

/* Begin PBXGroup section */
		9F1463E21600E0D300EA03D6 /* xml */ = {
			isa = PBXGroup;
			children = (
				9F1463DF1600DF7A00EA03D6 /* TSAuthor.h */,
				9F1463E01600DF7A00EA03D6 /* TSAuthor.m */,
				9FF76E471601232500613DA1 /* TSDatabase.h */,
				9FF76E481601232500613DA1 /* TSDatabase.m */,
				9F1463D31600B6DD00EA03D6 /* TSDatabaseLock.h */,
				9F1463D41600B6DD00EA03D6 /* TSDatabaseLock.m */,
				9F1463CA15FF75FB00EA03D6 /* TSDatabaseMetadata.h */,
				9F1463CB15FF75FB00EA03D6 /* TSDatabaseMetadata.m */,
				9FF76E4E16020A3C00613DA1 /* TSDBGroup.h */,
				9FF76E4F16020A3C00613DA1 /* TSDBGroup.m */,
				9FF76E4B16020A2600613DA1 /* TSDBItem.h */,
				9FF76E4C16020A2600613DA1 /* TSDBItem.m */,
				9FF76E5116020C0C00613DA1 /* TSDBItemField.h */,
				9FF76E5216020C0C00613DA1 /* TSDBItemField.m */,
				9F1463D91600D49400EA03D6 /* TSLocalMetadata.h */,
				9F1463DA1600D49400EA03D6 /* TSLocalMetadata.m */,
				9F1463D61600D3AA00EA03D6 /* TSVersion.h */,
				9F1463D71600D3AA00EA03D6 /* TSVersion.m */,
				9FEC4E6315CABC77008B18D5 /* TSXMLSerializable.h */,
			);
			path = xml;
			sourceTree = "<group>";
		};
		9F1463E41600E69A00EA03D6 /* utils */ = {
			isa = PBXGroup;
			children = (
				9F57C20816146E420085703E /* TSBackupUtils.h */,
				9F57C20916146E420085703E /* TSBackupUtils.m */,
				9F98D40C15F0CAB9001A2C82 /* TSCryptoUtils.h */,
				9F98D40D15F0CAB9001A2C82 /* TSCryptoUtils.m */,
				9F1463CD15FF7BEC00EA03D6 /* TSDateUtils.h */,
				9F1463CE15FF7BEC00EA03D6 /* TSDateUtils.m */,
				9F1463D015FF820400EA03D6 /* TSDeviceUtils.h */,
				9F1463D115FF820400EA03D6 /* TSDeviceUtils.m */,
				9FF76E781608CD3C00613DA1 /* TSIOUtils.h */,
				9FF76E791608CD3E00613DA1 /* TSIOUtils.m */,
				9FF76E82160A160300613DA1 /* TSNotifierUtils.h */,
				9FF76E83160A160700613DA1 /* TSNotifierUtils.m */,
				9F98D40F15F0CCB3001A2C82 /* TSStringUtils.h */,
				9F98D41015F0CCB3001A2C82 /* TSStringUtils.m */,
				9F1463BC15FE41B600EA03D6 /* TSUserDefaults.h */,
				9F1463BD15FE41B600EA03D6 /* TSUserDefaults.m */,
				9F57C20C1617343C0085703E /* TSUtils.h */,
				9F57C20D1617343E0085703E /* TSUtils.m */,
				9FF76E63160388F200613DA1 /* TSXMLUtils.h */,
				9FF76E64160388F300613DA1 /* TSXMLUtils.m */,
			);
			path = utils;
			sourceTree = "<group>";
		};
		9F1463E61600EB0800EA03D6 /* src */ = {
			isa = PBXGroup;
			children = (
				9F9D868F15CC10530066BC04 /* controller */,
				9FEC4E3B15CAA349008B18D5 /* model */,
				9F1463BF15FE441F00EA03D6 /* TSConstants.h */,
				9F1463E41600E69A00EA03D6 /* utils */,
				9FC16201161F073200094E43 /* worker */,
			);
			path = src;
			sourceTree = "<group>";
		};
		9F17067A164E7E70005BA586 /* screenshot */ = {
			isa = PBXGroup;
			children = (
				9F17067B164E7E89005BA586 /* Default-568h@2x.png */,
				9F17067C164E7E89005BA586 /* Default.png */,
				9F17067D164E7E89005BA586 /* Default@2x.png */,
			);
			path = screenshot;
			sourceTree = "<group>";
		};
		9F32126D163F011700123E72 /* img */ = {
			isa = PBXGroup;
			children = (
				9FC25B1C1665456E000850BE /* d20.png */,
				9FC25B1D1665456E000850BE /* d20@2x.png */,
				9F492035165184BB00B80E0A /* file.png */,
				9F492036165184BB00B80E0A /* file@2x.png */,
				9F49205C1656B8B500B80E0A /* globe.png */,
				9F49205D1656B8B500B80E0A /* globe@2x.png */,
				9F492037165184BB00B80E0A /* fileClipboard.png */,
				9F492038165184BB00B80E0A /* fileClipboard@2x.png */,
				9F3216261642A74100123E72 /* browse.png */,
				9F3216271642A74200123E72 /* browse@2x.png */,
				9F492031165181B900B80E0A /* folder.png */,
				9F492032165181B900B80E0A /* folder@2x.png */,
				9F32160F16404D4800123E72 /* info.png */,
				9F32161016404D4800123E72 /* info@2x.png */,
				9F32161416404DA000123E72 /* info_small.png */,
				9F32161516404DA000123E72 /* info_small@2x.png */,
				9F321607163F126E00123E72 /* lock.png */,
				9F321608163F126E00123E72 /* lock@2x.png */,
				9F17067A164E7E70005BA586 /* screenshot */,
				9F3215F9163F0E7800123E72 /* settings.png */,
				9F3215FA163F0E7800123E72 /* settings@2x.png */,
				9F3215F7163F0E7800123E72 /* settings_small.png */,
				9F3215F8163F0E7800123E72 /* settings_small@2x.png */,
				9F3215FB163F0E7800123E72 /* sync.png */,
				9F3215FC163F0E7800123E72 /* sync@2x.png */,
			);
			path = img;
			sourceTree = "<group>";
		};
		9F321603163F107D00123E72 /* openDatabase */ = {
			isa = PBXGroup;
			children = (
				9F4920491652D77200B80E0A /* createEntities */,
				9F49209E1660FA5400B80E0A /* editItem */,
				9F32162B1642AB7800123E72 /* TSDBGroupViewController.h */,
				9F32162C1642AB7800123E72 /* TSDBGroupViewController.m */,
				9F4920611656C4E400B80E0A /* TSDBItemViewController.h */,
				9F4920621656C4E500B80E0A /* TSDBItemViewController.m */,
				9F321604163F10DC00123E72 /* TSTabBarController.h */,
				9F321605163F10DC00123E72 /* TSTabBarController.m */,
			);
			path = openDatabase;
			sourceTree = "<group>";
		};
		9F4920491652D77200B80E0A /* createEntities */ = {
			isa = PBXGroup;
			children = (
				9F49204A1652D7B800B80E0A /* TSNewGroupViewController.h */,
				9F49204B1652D7B800B80E0A /* TSNewGroupViewController.m */,
				9F492051165557D000B80E0A /* TSNewItemChooseNameTVC.h */,
				9F492052165557D000B80E0A /* TSNewItemChooseNameTVC.m */,
				9F492055165560AB00B80E0A /* TSNewItemChooseTypeTVC.h */,
				9F492056165560AB00B80E0A /* TSNewItemChooseTypeTVC.m */,
			);
			path = createEntities;
			sourceTree = "<group>";
		};
		9F49207D165D4D0400B80E0A /* TableViewCells */ = {
			isa = PBXGroup;
			children = (
				9F49207E165D4D6200B80E0A /* DateInputTableViewCell.h */,
				9F49207F165D4D6200B80E0A /* DateInputTableViewCell.m */,
				9F492082165D4D6200B80E0A /* IntegerInputTableViewCell.h */,
				9F492083165D4D6200B80E0A /* IntegerInputTableViewCell.m */,
				9F492084165D4D6200B80E0A /* PickerInputTableViewCell.h */,
				9F492085165D4D6200B80E0A /* PickerInputTableViewCell.m */,
				9F49209F166110FA00B80E0A /* SimplePickerInputTableViewCell.h */,
				9F4920A0166110FB00B80E0A /* SimplePickerInputTableViewCell.m */,
				9F492080165D4D6200B80E0A /* StringInputTableViewCell.h */,
				9F492081165D4D6200B80E0A /* StringInputTableViewCell.m */,
			);
			path = TableViewCells;
			sourceTree = "<group>";
		};
		9F49209E1660FA5400B80E0A /* editItem */ = {
			isa = PBXGroup;
			children = (
				9F9C94171661547C00F85CEB /* TSEditItemTVC.h */,
				9F9C94181661547C00F85CEB /* TSEditItemTVC.m */,
				9FC25B1816652263000850BE /* TSEditFieldTVC.h */,
				9FC25B1916652263000850BE /* TSEditFieldTVC.m */,
			);
			path = editItem;
			sourceTree = "<group>";
		};
		9F8ED45615B98C6900391EF8 = {
			isa = PBXGroup;
			children = (
				9F8ED46B15B98C6A00391EF8 /* TanukiSecrets */,
				9F8ED48F15B98C6A00391EF8 /* TanukiSecretsTests */,
				9F8ED46415B98C6A00391EF8 /* Frameworks */,
				9F8ED46215B98C6A00391EF8 /* Products */,
			);
			sourceTree = "<group>";
		};
		9F8ED46215B98C6A00391EF8 /* Products */ = {
			isa = PBXGroup;
			children = (
				9F8ED46115B98C6A00391EF8 /* TanukiSecrets.app */,
				9F8ED48815B98C6A00391EF8 /* TanukiSecretsTests.octest */,
			);
			name = Products;
			sourceTree = "<group>";
		};
		9F8ED46415B98C6A00391EF8 /* Frameworks */ = {
			isa = PBXGroup;
			children = (
				9FEC4DE015C2C1E7008B18D5 /* QuartzCore.framework */,
				9FEC4DDE15C2C1C5008B18D5 /* Security.framework */,
				9F8ED46515B98C6A00391EF8 /* UIKit.framework */,
				9F8ED46715B98C6A00391EF8 /* Foundation.framework */,
				9F8ED46915B98C6A00391EF8 /* CoreGraphics.framework */,
				9F8ED48915B98C6A00391EF8 /* SenTestingKit.framework */,
			);
			name = Frameworks;
			sourceTree = "<group>";
		};
		9F8ED46B15B98C6A00391EF8 /* TanukiSecrets */ = {
			isa = PBXGroup;
			children = (
				9F32126D163F011700123E72 /* img */,
				9F1463E61600EB0800EA03D6 /* src */,
				9FEC4DCB15C29847008B18D5 /* lib */,
				9F8ED4B015B9A0AC00391EF8 /* sandbox */,
				9F8ED46C15B98C6A00391EF8 /* Supporting Files */,
				9FEC4DE215C2C43C008B18D5 /* secrets.h */,
			);
			path = TanukiSecrets;
			sourceTree = "<group>";
		};
		9F8ED46C15B98C6A00391EF8 /* Supporting Files */ = {
			isa = PBXGroup;
			children = (
				9F8ED46E15B98C6A00391EF8 /* InfoPlist.strings */,
				9F8ED47115B98C6A00391EF8 /* main.m */,
				9F8ED47A15B98C6A00391EF8 /* MainStoryboard_iPad.storyboard */,
				9F8ED47715B98C6A00391EF8 /* MainStoryboard_iPhone.storyboard */,
				9F9D869015CC14CA0066BC04 /* Sandbox.storyboard */,
				9F8ED46D15B98C6A00391EF8 /* TanukiSecrets-Info.plist */,
				9F8ED47315B98C6A00391EF8 /* TanukiSecrets-Prefix.pch */,
				9FEC4DC515C18107008B18D5 /* TanukiSecrets.entitlements */,
				9F8ED47415B98C6A00391EF8 /* TSAppDelegate.h */,
				9F8ED47515B98C6A00391EF8 /* TSAppDelegate.m */,
				9F321266163EF4FB00123E72 /* OpenDatabaseStoryboard_iPhone.storyboard */,
			);
			name = "Supporting Files";
			sourceTree = "<group>";
		};
		9F8ED48F15B98C6A00391EF8 /* TanukiSecretsTests */ = {
			isa = PBXGroup;
			children = (
				9F8ED49515B98C6A00391EF8 /* TanukiSecretsTests.h */,
				9F8ED49615B98C6A00391EF8 /* TanukiSecretsTests.m */,
				9F8ED49015B98C6A00391EF8 /* Supporting Files */,
			);
			path = TanukiSecretsTests;
			sourceTree = "<group>";
		};
		9F8ED49015B98C6A00391EF8 /* Supporting Files */ = {
			isa = PBXGroup;
			children = (
				9F8ED49115B98C6A00391EF8 /* TanukiSecretsTests-Info.plist */,
				9F8ED49215B98C6A00391EF8 /* InfoPlist.strings */,
			);
			name = "Supporting Files";
			sourceTree = "<group>";
		};
		9F8ED4B015B9A0AC00391EF8 /* sandbox */ = {
			isa = PBXGroup;
			children = (
				9F8E0367162837B60040662C /* TSDbStatusViewController.h */,
				9F8E0368162837B60040662C /* TSDbStatusViewController.m */,
				9F8ED4B215B9A0EB00391EF8 /* TSFilesystemTableViewController.h */,
				9F8ED4B315B9A0EB00391EF8 /* TSFilesystemTableViewController.m */,
				9FEC4E3F15CAA396008B18D5 /* TSItem.h */,
				9FEC4E4015CAA396008B18D5 /* TSItem.m */,
				9FEC4E3C15CAA386008B18D5 /* TSListOfItems.h */,
				9FEC4E3D15CAA386008B18D5 /* TSListOfItems.m */,
				9FEC4E0715C93F0D008B18D5 /* TSUnlockViewController.h */,
				9FEC4E0815C93F0D008B18D5 /* TSUnlockViewController.m */,
			);
			path = sandbox;
			sourceTree = "<group>";
		};
		9F9D868B15CBFDF60066BC04 /* SMXMLDocument */ = {
			isa = PBXGroup;
			children = (
				9F9D868C15CBFDF60066BC04 /* SMXMLDocument.h */,
				9F9D868D15CBFDF60066BC04 /* SMXMLDocument.m */,
			);
			path = SMXMLDocument;
			sourceTree = "<group>";
		};
		9F9D868F15CC10530066BC04 /* controller */ = {
			isa = PBXGroup;
			children = (
				9F321603163F107D00123E72 /* openDatabase */,
				9FCE97C31631BCD2003FE67F /* createDatabase */,
				9FCE97BB1631A288003FE67F /* TSLocalDatabasesViewController.h */,
				9FCE97BC1631A288003FE67F /* TSLocalDatabasesViewController.m */,
				9FCE97C71635B2E5003FE67F /* TSRemoteDatabasesViewController.h */,
				9FCE97C81635B2E5003FE67F /* TSRemoteDatabasesViewController.m */,
				9FCE97CD1635D23C003FE67F /* TSLinkWithDropboxViewController.h */,
				9FCE97CE1635D23D003FE67F /* TSLinkWithDropboxViewController.m */,
				9FCE97FE163A7342003FE67F /* TSKeyboardDismissingViewController.h */,
				9FCE97FF163A7346003FE67F /* TSKeyboardDismissingViewController.m */,
				9F32125F163EE07700123E72 /* TSUnlockDatabaseViewController.h */,
				9F321260163EE07700123E72 /* TSUnlockDatabaseViewController.m */,
				9F32161B164054FB00123E72 /* TSInfoViewController.h */,
				9F32161C164054FC00123E72 /* TSInfoViewController.m */,
				9F5459E61649634B0011F6FC /* TSSelectiveTapCallbackTableViewController.h */,
				9F5459E71649634B0011F6FC /* TSSelectiveTapCallbackTableViewController.m */,
				9F4920461652D05A00B80E0A /* TSModalDialogDismissingTableViewController.h */,
				9F4920471652D05A00B80E0A /* TSModalDialogDismissingTableViewController.m */,
			);
			path = controller;
			sourceTree = "<group>";
		};
		9FC16201161F073200094E43 /* worker */ = {
			isa = PBXGroup;
			children = (
				9FC16203161F081700094E43 /* TSDatabaseWrapper.h */,
				9FC16204161F081700094E43 /* TSDatabaseWrapper.m */,
				9FF76E85160A5ABA00613DA1 /* TSDropboxWrapper.h */,
				9FF76E86160A5ABD00613DA1 /* TSDropboxWrapper.m */,
				9F967744162055AE00C9182D /* TSiCloudWrapper.h */,
				9F967745162055AE00C9182D /* TSiCloudWrapper.m */,
				9FC16206161F243300094E43 /* TSRemoteStorage.h */,
			);
			path = worker;
			sourceTree = "<group>";
		};
		9FCE97C31631BCD2003FE67F /* createDatabase */ = {
			isa = PBXGroup;
			children = (
				9FCE97C41631BD2E003FE67F /* TSChooseCreationMethodViewController.h */,
				9FCE97C51631BD2E003FE67F /* TSChooseCreationMethodViewController.m */,
				9FCE97CA1635C14A003FE67F /* TSCreateDatabaseFromDropboxViewController.h */,
				9FCE97CB1635C14A003FE67F /* TSCreateDatabaseFromDropboxViewController.m */,
				9FCE97D51636D132003FE67F /* TSCreateDatabaseFromICloudViewController.h */,
				9FCE97D61636D133003FE67F /* TSCreateDatabaseFromICloudViewController.m */,
				9F5459EA1649645D0011F6FC /* TSNewDatabaseChooseNameTVC.h */,
				9F5459EB1649645D0011F6FC /* TSNewDatabaseChooseNameTVC.m */,
				9FCE97EC16396029003FE67F /* TSNewDatabaseChooseNameVC.h */,
				9FCE97ED1639602A003FE67F /* TSNewDatabaseChooseNameVC.m */,
				9F10A8A4164C1EAE0008ECD0 /* TSNewDatabaseSecuritySettingsTVC.h */,
				9F10A8A5164C1EAE0008ECD0 /* TSNewDatabaseSecuritySettingsTVC.m */,
				9FCE97FB163A7217003FE67F /* TSNewDatabaseSecuritySettingsVC.h */,
				9FCE97FC163A7219003FE67F /* TSNewDatabaseSecuritySettingsVC.m */,
			);
			path = createDatabase;
			sourceTree = "<group>";
		};
		9FEC4DCB15C29847008B18D5 /* lib */ = {
			isa = PBXGroup;
			children = (
				9F026A1B160B76180097BED4 /* DropboxSDK.framework */,
				9FEC4DCC15C29870008B18D5 /* JSNotifier */,
				9F9D868B15CBFDF60066BC04 /* SMXMLDocument */,
				9F49207D165D4D0400B80E0A /* TableViewCells */,
				9FEC4E5F15CABA1E008B18D5 /* XMLWriter */,
			);
			path = lib;
			sourceTree = "<group>";
		};
		9FEC4DCC15C29870008B18D5 /* JSNotifier */ = {
			isa = PBXGroup;
			children = (
				9FEC4DD015C298E7008B18D5 /* NotifyCheck.png */,
				9FEC4DD115C298E7008B18D5 /* NotifyCheck@2x.png */,
				9FEC4DD215C298E7008B18D5 /* NotifyX.png */,
				9FEC4DD315C298E7008B18D5 /* NotifyX@2x.png */,
				9FEC4DCD15C29894008B18D5 /* JSNotifier.h */,
				9FEC4DCE15C29894008B18D5 /* JSNotifier.m */,
			);
			path = JSNotifier;
			sourceTree = "<group>";
		};
		9FEC4E3B15CAA349008B18D5 /* model */ = {
			isa = PBXGroup;
			children = (
				9F1463E21600E0D300EA03D6 /* xml */,
				9F1463B815FE342000EA03D6 /* TSSharedState.h */,
				9F1463B915FE342000EA03D6 /* TSSharedState.m */,
				9FF76E801609FA9C00613DA1 /* TSBinarySerializable.h */,
				9F96775C162096C700C9182D /* TSUIDocument.h */,
				9F96775D162096C700C9182D /* TSUIDocument.m */,
			);
			path = model;
			sourceTree = "<group>";
		};
		9FEC4E5F15CABA1E008B18D5 /* XMLWriter */ = {
			isa = PBXGroup;
			children = (
				9FEC4E6015CABA1E008B18D5 /* XMLWriter.h */,
				9FEC4E6115CABA1E008B18D5 /* XMLWriter.m */,
			);
			path = XMLWriter;
			sourceTree = "<group>";
		};
/* End PBXGroup section */

/* Begin PBXNativeTarget section */
		9F8ED46015B98C6A00391EF8 /* TanukiSecrets */ = {
			isa = PBXNativeTarget;
			buildConfigurationList = 9F8ED49A15B98C6A00391EF8 /* Build configuration list for PBXNativeTarget "TanukiSecrets" */;
			buildPhases = (
				9F8ED45D15B98C6A00391EF8 /* Sources */,
				9F8ED45E15B98C6A00391EF8 /* Frameworks */,
				9F8ED45F15B98C6A00391EF8 /* Resources */,
			);
			buildRules = (
			);
			dependencies = (
			);
			name = TanukiSecrets;
			productName = TanukiSecrets;
			productReference = 9F8ED46115B98C6A00391EF8 /* TanukiSecrets.app */;
			productType = "com.apple.product-type.application";
		};
		9F8ED48715B98C6A00391EF8 /* TanukiSecretsTests */ = {
			isa = PBXNativeTarget;
			buildConfigurationList = 9F8ED49D15B98C6A00391EF8 /* Build configuration list for PBXNativeTarget "TanukiSecretsTests" */;
			buildPhases = (
				9F8ED48315B98C6A00391EF8 /* Sources */,
				9F8ED48415B98C6A00391EF8 /* Frameworks */,
				9F8ED48515B98C6A00391EF8 /* Resources */,
				9F8ED48615B98C6A00391EF8 /* ShellScript */,
			);
			buildRules = (
			);
			dependencies = (
				9F8ED48E15B98C6A00391EF8 /* PBXTargetDependency */,
			);
			name = TanukiSecretsTests;
			productName = TanukiSecretsTests;
			productReference = 9F8ED48815B98C6A00391EF8 /* TanukiSecretsTests.octest */;
			productType = "com.apple.product-type.bundle";
		};
/* End PBXNativeTarget section */

/* Begin PBXProject section */
		9F8ED45815B98C6900391EF8 /* Project object */ = {
			isa = PBXProject;
			attributes = {
				CLASSPREFIX = TS;
				LastUpgradeCheck = 0430;
				ORGANIZATIONNAME = BlueTanuki;
			};
			buildConfigurationList = 9F8ED45B15B98C6900391EF8 /* Build configuration list for PBXProject "TanukiSecrets" */;
			compatibilityVersion = "Xcode 3.2";
			developmentRegion = English;
			hasScannedForEncodings = 0;
			knownRegions = (
				en,
			);
			mainGroup = 9F8ED45615B98C6900391EF8;
			productRefGroup = 9F8ED46215B98C6A00391EF8 /* Products */;
			projectDirPath = "";
			projectRoot = "";
			targets = (
				9F8ED46015B98C6A00391EF8 /* TanukiSecrets */,
				9F8ED48715B98C6A00391EF8 /* TanukiSecretsTests */,
			);
		};
/* End PBXProject section */

/* Begin PBXResourcesBuildPhase section */
		9F8ED45F15B98C6A00391EF8 /* Resources */ = {
			isa = PBXResourcesBuildPhase;
			buildActionMask = 2147483647;
			files = (
				9F8ED47015B98C6A00391EF8 /* InfoPlist.strings in Resources */,
				9F8ED47915B98C6A00391EF8 /* MainStoryboard_iPhone.storyboard in Resources */,
				9F8ED47C15B98C6A00391EF8 /* MainStoryboard_iPad.storyboard in Resources */,
				9FEC4DD415C298E7008B18D5 /* NotifyCheck.png in Resources */,
				9FEC4DD515C298E7008B18D5 /* NotifyCheck@2x.png in Resources */,
				9FEC4DD615C298E7008B18D5 /* NotifyX.png in Resources */,
				9FEC4DD715C298E7008B18D5 /* NotifyX@2x.png in Resources */,
				9F9D869115CC14CA0066BC04 /* Sandbox.storyboard in Resources */,
				9F321267163EF4FB00123E72 /* OpenDatabaseStoryboard_iPhone.storyboard in Resources */,
				9F3215FD163F0E7800123E72 /* settings_small.png in Resources */,
				9F3215FE163F0E7800123E72 /* settings_small@2x.png in Resources */,
				9F3215FF163F0E7800123E72 /* settings.png in Resources */,
				9F321600163F0E7800123E72 /* settings@2x.png in Resources */,
				9F321601163F0E7800123E72 /* sync.png in Resources */,
				9F321602163F0E7800123E72 /* sync@2x.png in Resources */,
				9F321609163F126E00123E72 /* lock.png in Resources */,
				9F32160A163F126E00123E72 /* lock@2x.png in Resources */,
				9F32161116404D4800123E72 /* info.png in Resources */,
				9F32161216404D4800123E72 /* info@2x.png in Resources */,
				9F32161616404DA000123E72 /* info_small.png in Resources */,
				9F32161716404DA000123E72 /* info_small@2x.png in Resources */,
				9F3216281642A74200123E72 /* browse.png in Resources */,
				9F3216291642A74200123E72 /* browse@2x.png in Resources */,
				9F17067E164E7E89005BA586 /* Default-568h@2x.png in Resources */,
				9F17067F164E7E89005BA586 /* Default.png in Resources */,
				9F170680164E7E89005BA586 /* Default@2x.png in Resources */,
				9F492033165181B900B80E0A /* folder.png in Resources */,
				9F492034165181B900B80E0A /* folder@2x.png in Resources */,
				9F492039165184BB00B80E0A /* file.png in Resources */,
				9F49203A165184BB00B80E0A /* file@2x.png in Resources */,
				9F49203B165184BB00B80E0A /* fileClipboard.png in Resources */,
				9F49203C165184BB00B80E0A /* fileClipboard@2x.png in Resources */,
				9F49205E1656B8B500B80E0A /* globe.png in Resources */,
				9F49205F1656B8B500B80E0A /* globe@2x.png in Resources */,
				9FC25B1E1665456E000850BE /* d20.png in Resources */,
				9FC25B1F1665456E000850BE /* d20@2x.png in Resources */,
			);
			runOnlyForDeploymentPostprocessing = 0;
		};
		9F8ED48515B98C6A00391EF8 /* Resources */ = {
			isa = PBXResourcesBuildPhase;
			buildActionMask = 2147483647;
			files = (
				9F8ED49415B98C6A00391EF8 /* InfoPlist.strings in Resources */,
			);
			runOnlyForDeploymentPostprocessing = 0;
		};
/* End PBXResourcesBuildPhase section */

/* Begin PBXShellScriptBuildPhase section */
		9F8ED48615B98C6A00391EF8 /* ShellScript */ = {
			isa = PBXShellScriptBuildPhase;
			buildActionMask = 2147483647;
			files = (
			);
			inputPaths = (
			);
			outputPaths = (
			);
			runOnlyForDeploymentPostprocessing = 0;
			shellPath = /bin/sh;
			shellScript = "# Run the unit tests in this test bundle.\n\"${SYSTEM_DEVELOPER_DIR}/Tools/RunUnitTests\"\n";
		};
/* End PBXShellScriptBuildPhase section */

/* Begin PBXSourcesBuildPhase section */
		9F8ED45D15B98C6A00391EF8 /* Sources */ = {
			isa = PBXSourcesBuildPhase;
			buildActionMask = 2147483647;
			files = (
				9F8ED47215B98C6A00391EF8 /* main.m in Sources */,
				9F8ED47615B98C6A00391EF8 /* TSAppDelegate.m in Sources */,
				9F8ED4B415B9A0EB00391EF8 /* TSFilesystemTableViewController.m in Sources */,
				9FEC4DCF15C29894008B18D5 /* JSNotifier.m in Sources */,
				9FEC4E0915C93F0D008B18D5 /* TSUnlockViewController.m in Sources */,
				9FEC4E3E15CAA386008B18D5 /* TSListOfItems.m in Sources */,
				9FEC4E4115CAA396008B18D5 /* TSItem.m in Sources */,
				9FEC4E6215CABA1E008B18D5 /* XMLWriter.m in Sources */,
				9F9D868E15CBFDF60066BC04 /* SMXMLDocument.m in Sources */,
				9F98D40E15F0CAB9001A2C82 /* TSCryptoUtils.m in Sources */,
				9F98D41115F0CCB3001A2C82 /* TSStringUtils.m in Sources */,
				9F1463BA15FE342000EA03D6 /* TSSharedState.m in Sources */,
				9F1463BE15FE41B600EA03D6 /* TSUserDefaults.m in Sources */,
				9F1463CC15FF75FC00EA03D6 /* TSDatabaseMetadata.m in Sources */,
				9F1463CF15FF7BEC00EA03D6 /* TSDateUtils.m in Sources */,
				9F1463D215FF820400EA03D6 /* TSDeviceUtils.m in Sources */,
				9F1463D51600B6DD00EA03D6 /* TSDatabaseLock.m in Sources */,
				9F1463D81600D3AA00EA03D6 /* TSVersion.m in Sources */,
				9F1463DB1600D49400EA03D6 /* TSLocalMetadata.m in Sources */,
				9F1463E11600DF7A00EA03D6 /* TSAuthor.m in Sources */,
				9FF76E491601232600613DA1 /* TSDatabase.m in Sources */,
				9FF76E4D16020A2600613DA1 /* TSDBItem.m in Sources */,
				9FF76E5016020A3D00613DA1 /* TSDBGroup.m in Sources */,
				9FF76E5316020C0D00613DA1 /* TSDBItemField.m in Sources */,
				9FF76E65160388F300613DA1 /* TSXMLUtils.m in Sources */,
				9FF76E7A1608CD4100613DA1 /* TSIOUtils.m in Sources */,
				9FF76E84160A160A00613DA1 /* TSNotifierUtils.m in Sources */,
				9FF76E87160A5AC000613DA1 /* TSDropboxWrapper.m in Sources */,
				9F57C20A16146E420085703E /* TSBackupUtils.m in Sources */,
				9F57C20E161734400085703E /* TSUtils.m in Sources */,
				9FC16205161F081700094E43 /* TSDatabaseWrapper.m in Sources */,
				9F967746162055AE00C9182D /* TSiCloudWrapper.m in Sources */,
				9F96775E162096C700C9182D /* TSUIDocument.m in Sources */,
				9F8E0369162837B60040662C /* TSDbStatusViewController.m in Sources */,
				9FCE97BD1631A289003FE67F /* TSLocalDatabasesViewController.m in Sources */,
				9FCE97C61631BD2E003FE67F /* TSChooseCreationMethodViewController.m in Sources */,
				9FCE97C91635B2E6003FE67F /* TSRemoteDatabasesViewController.m in Sources */,
				9FCE97CC1635C14A003FE67F /* TSCreateDatabaseFromDropboxViewController.m in Sources */,
				9FCE97CF1635D23E003FE67F /* TSLinkWithDropboxViewController.m in Sources */,
				9FCE97D71636D133003FE67F /* TSCreateDatabaseFromICloudViewController.m in Sources */,
				9FCE97EE1639602B003FE67F /* TSNewDatabaseChooseNameVC.m in Sources */,
				9FCE97FD163A721A003FE67F /* TSNewDatabaseSecuritySettingsVC.m in Sources */,
				9FCE9800163A734B003FE67F /* TSKeyboardDismissingViewController.m in Sources */,
				9F321261163EE07700123E72 /* TSUnlockDatabaseViewController.m in Sources */,
				9F321606163F10DC00123E72 /* TSTabBarController.m in Sources */,
				9F32161D164054FD00123E72 /* TSInfoViewController.m in Sources */,
				9F32162D1642AB7800123E72 /* TSDBGroupViewController.m in Sources */,
				9F5459E81649634B0011F6FC /* TSSelectiveTapCallbackTableViewController.m in Sources */,
				9F5459EC1649645D0011F6FC /* TSNewDatabaseChooseNameTVC.m in Sources */,
				9F10A8A6164C1EAE0008ECD0 /* TSNewDatabaseSecuritySettingsTVC.m in Sources */,
				9F4920481652D05B00B80E0A /* TSModalDialogDismissingTableViewController.m in Sources */,
				9F49204C1652D7B800B80E0A /* TSNewGroupViewController.m in Sources */,
				9F492053165557D000B80E0A /* TSNewItemChooseNameTVC.m in Sources */,
				9F492057165560AC00B80E0A /* TSNewItemChooseTypeTVC.m in Sources */,
				9F4920631656C4E600B80E0A /* TSDBItemViewController.m in Sources */,
				9F492086165D4D6200B80E0A /* DateInputTableViewCell.m in Sources */,
				9F492087165D4D6200B80E0A /* StringInputTableViewCell.m in Sources */,
				9F492088165D4D6200B80E0A /* IntegerInputTableViewCell.m in Sources */,
				9F492089165D4D6200B80E0A /* PickerInputTableViewCell.m in Sources */,
				9F4920A1166110FC00B80E0A /* SimplePickerInputTableViewCell.m in Sources */,
				9F9C94191661547C00F85CEB /* TSEditItemTVC.m in Sources */,
				9FC25B1A16652263000850BE /* TSEditFieldTVC.m in Sources */,
			);
			runOnlyForDeploymentPostprocessing = 0;
		};
		9F8ED48315B98C6A00391EF8 /* Sources */ = {
			isa = PBXSourcesBuildPhase;
			buildActionMask = 2147483647;
			files = (
				9F8ED49715B98C6A00391EF8 /* TanukiSecretsTests.m in Sources */,
			);
			runOnlyForDeploymentPostprocessing = 0;
		};
/* End PBXSourcesBuildPhase section */

/* Begin PBXTargetDependency section */
		9F8ED48E15B98C6A00391EF8 /* PBXTargetDependency */ = {
			isa = PBXTargetDependency;
			target = 9F8ED46015B98C6A00391EF8 /* TanukiSecrets */;
			targetProxy = 9F8ED48D15B98C6A00391EF8 /* PBXContainerItemProxy */;
		};
/* End PBXTargetDependency section */

/* Begin PBXVariantGroup section */
		9F8ED46E15B98C6A00391EF8 /* InfoPlist.strings */ = {
			isa = PBXVariantGroup;
			children = (
				9F8ED46F15B98C6A00391EF8 /* en */,
			);
			name = InfoPlist.strings;
			sourceTree = "<group>";
		};
		9F8ED47715B98C6A00391EF8 /* MainStoryboard_iPhone.storyboard */ = {
			isa = PBXVariantGroup;
			children = (
				9F8ED47815B98C6A00391EF8 /* en */,
			);
			name = MainStoryboard_iPhone.storyboard;
			sourceTree = "<group>";
		};
		9F8ED47A15B98C6A00391EF8 /* MainStoryboard_iPad.storyboard */ = {
			isa = PBXVariantGroup;
			children = (
				9F8ED47B15B98C6A00391EF8 /* en */,
			);
			name = MainStoryboard_iPad.storyboard;
			sourceTree = "<group>";
		};
		9F8ED49215B98C6A00391EF8 /* InfoPlist.strings */ = {
			isa = PBXVariantGroup;
			children = (
				9F8ED49315B98C6A00391EF8 /* en */,
			);
			name = InfoPlist.strings;
			sourceTree = "<group>";
		};
/* End PBXVariantGroup section */

/* Begin XCBuildConfiguration section */
		9F8ED49815B98C6A00391EF8 /* Debug */ = {
			isa = XCBuildConfiguration;
			buildSettings = {
				ALWAYS_SEARCH_USER_PATHS = NO;
				ARCHS = "$(ARCHS_STANDARD_32_BIT)";
				CLANG_ENABLE_OBJC_ARC = YES;
				"CODE_SIGN_IDENTITY[sdk=iphoneos*]" = "iPhone Developer";
				COPY_PHASE_STRIP = NO;
				GCC_C_LANGUAGE_STANDARD = gnu99;
				GCC_DYNAMIC_NO_PIC = NO;
				GCC_OPTIMIZATION_LEVEL = 0;
				GCC_PREPROCESSOR_DEFINITIONS = (
					"DEBUG=1",
					"$(inherited)",
				);
				GCC_SYMBOLS_PRIVATE_EXTERN = NO;
				GCC_VERSION = com.apple.compilers.llvm.clang.1_0;
				GCC_WARN_ABOUT_RETURN_TYPE = YES;
				GCC_WARN_UNINITIALIZED_AUTOS = YES;
				GCC_WARN_UNUSED_VARIABLE = YES;
				IPHONEOS_DEPLOYMENT_TARGET = 6.0;
				SDKROOT = iphoneos;
				TARGETED_DEVICE_FAMILY = "1,2";
			};
			name = Debug;
		};
		9F8ED49915B98C6A00391EF8 /* Release */ = {
			isa = XCBuildConfiguration;
			buildSettings = {
				ALWAYS_SEARCH_USER_PATHS = NO;
				ARCHS = "$(ARCHS_STANDARD_32_BIT)";
				CLANG_ENABLE_OBJC_ARC = YES;
				"CODE_SIGN_IDENTITY[sdk=iphoneos*]" = "iPhone Developer";
				COPY_PHASE_STRIP = YES;
				GCC_C_LANGUAGE_STANDARD = gnu99;
				GCC_VERSION = com.apple.compilers.llvm.clang.1_0;
				GCC_WARN_ABOUT_RETURN_TYPE = YES;
				GCC_WARN_UNINITIALIZED_AUTOS = YES;
				GCC_WARN_UNUSED_VARIABLE = YES;
				IPHONEOS_DEPLOYMENT_TARGET = 6.0;
				OTHER_CFLAGS = "-DNS_BLOCK_ASSERTIONS=1";
				SDKROOT = iphoneos;
				TARGETED_DEVICE_FAMILY = "1,2";
				VALIDATE_PRODUCT = YES;
			};
			name = Release;
		};
		9F8ED49B15B98C6A00391EF8 /* Debug */ = {
			isa = XCBuildConfiguration;
			buildSettings = {
				CODE_SIGN_ENTITLEMENTS = TanukiSecrets/TanukiSecrets.entitlements;
				FRAMEWORK_SEARCH_PATHS = (
					"$(inherited)",
					"\"$(SRCROOT)/TanukiSecrets\"",
					"\"$(SRCROOT)/TanukiSecrets/lib\"",
				);
				GCC_PRECOMPILE_PREFIX_HEADER = YES;
				GCC_PREFIX_HEADER = "TanukiSecrets/TanukiSecrets-Prefix.pch";
				INFOPLIST_FILE = "TanukiSecrets/TanukiSecrets-Info.plist";
				IPHONEOS_DEPLOYMENT_TARGET = 6.0;
				LIBRARY_SEARCH_PATHS = (
					"$(inherited)",
					"\"$(SDKROOT)/usr/lib/system\"",
				);
				PRODUCT_NAME = "$(TARGET_NAME)";
				TARGETED_DEVICE_FAMILY = 1;
				WRAPPER_EXTENSION = app;
			};
			name = Debug;
		};
		9F8ED49C15B98C6A00391EF8 /* Release */ = {
			isa = XCBuildConfiguration;
			buildSettings = {
				CODE_SIGN_ENTITLEMENTS = TanukiSecrets/TanukiSecrets.entitlements;
				FRAMEWORK_SEARCH_PATHS = (
					"$(inherited)",
					"\"$(SRCROOT)/TanukiSecrets\"",
					"\"$(SRCROOT)/TanukiSecrets/lib\"",
				);
				GCC_PRECOMPILE_PREFIX_HEADER = YES;
				GCC_PREFIX_HEADER = "TanukiSecrets/TanukiSecrets-Prefix.pch";
				INFOPLIST_FILE = "TanukiSecrets/TanukiSecrets-Info.plist";
				IPHONEOS_DEPLOYMENT_TARGET = 6.0;
				LIBRARY_SEARCH_PATHS = (
					"$(inherited)",
					"\"$(SDKROOT)/usr/lib/system\"",
				);
				PRODUCT_NAME = "$(TARGET_NAME)";
				TARGETED_DEVICE_FAMILY = 1;
				WRAPPER_EXTENSION = app;
			};
			name = Release;
		};
		9F8ED49E15B98C6A00391EF8 /* Debug */ = {
			isa = XCBuildConfiguration;
			buildSettings = {
				BUNDLE_LOADER = "$(BUILT_PRODUCTS_DIR)/TanukiSecrets.app/TanukiSecrets";
				FRAMEWORK_SEARCH_PATHS = (
					"$(SDKROOT)/Developer/Library/Frameworks",
					"$(DEVELOPER_LIBRARY_DIR)/Frameworks",
				);
				GCC_PRECOMPILE_PREFIX_HEADER = YES;
				GCC_PREFIX_HEADER = "TanukiSecrets/TanukiSecrets-Prefix.pch";
				INFOPLIST_FILE = "TanukiSecretsTests/TanukiSecretsTests-Info.plist";
				PRODUCT_NAME = "$(TARGET_NAME)";
				TEST_HOST = "$(BUNDLE_LOADER)";
				WRAPPER_EXTENSION = octest;
			};
			name = Debug;
		};
		9F8ED49F15B98C6A00391EF8 /* Release */ = {
			isa = XCBuildConfiguration;
			buildSettings = {
				BUNDLE_LOADER = "$(BUILT_PRODUCTS_DIR)/TanukiSecrets.app/TanukiSecrets";
				FRAMEWORK_SEARCH_PATHS = (
					"$(SDKROOT)/Developer/Library/Frameworks",
					"$(DEVELOPER_LIBRARY_DIR)/Frameworks",
				);
				GCC_PRECOMPILE_PREFIX_HEADER = YES;
				GCC_PREFIX_HEADER = "TanukiSecrets/TanukiSecrets-Prefix.pch";
				INFOPLIST_FILE = "TanukiSecretsTests/TanukiSecretsTests-Info.plist";
				PRODUCT_NAME = "$(TARGET_NAME)";
				TEST_HOST = "$(BUNDLE_LOADER)";
				WRAPPER_EXTENSION = octest;
			};
			name = Release;
		};
/* End XCBuildConfiguration section */

/* Begin XCConfigurationList section */
		9F8ED45B15B98C6900391EF8 /* Build configuration list for PBXProject "TanukiSecrets" */ = {
			isa = XCConfigurationList;
			buildConfigurations = (
				9F8ED49815B98C6A00391EF8 /* Debug */,
				9F8ED49915B98C6A00391EF8 /* Release */,
			);
			defaultConfigurationIsVisible = 0;
			defaultConfigurationName = Release;
		};
		9F8ED49A15B98C6A00391EF8 /* Build configuration list for PBXNativeTarget "TanukiSecrets" */ = {
			isa = XCConfigurationList;
			buildConfigurations = (
				9F8ED49B15B98C6A00391EF8 /* Debug */,
				9F8ED49C15B98C6A00391EF8 /* Release */,
			);
			defaultConfigurationIsVisible = 0;
			defaultConfigurationName = Release;
		};
		9F8ED49D15B98C6A00391EF8 /* Build configuration list for PBXNativeTarget "TanukiSecretsTests" */ = {
			isa = XCConfigurationList;
			buildConfigurations = (
				9F8ED49E15B98C6A00391EF8 /* Debug */,
				9F8ED49F15B98C6A00391EF8 /* Release */,
			);
			defaultConfigurationIsVisible = 0;
			defaultConfigurationName = Release;
		};
/* End XCConfigurationList section */
	};
	rootObject = 9F8ED45815B98C6900391EF8 /* Project object */;
}
